// !$*UTF8*$!
{
	archiveVersion = 1;
	classes = {
	};
	objectVersion = 55;
	objects = {

/* Begin PBXBuildFile section */
		4085A92490568C76AE0A9646 /* Pods_OCFlutterProject.framework in Frameworks */ = {isa = PBXBuildFile; fileRef = B4D43AA5C8E3101A37674B7A /* Pods_OCFlutterProject.framework */; };
		EFF5279D27BF68920065C353 /* AppDelegate.m in Sources */ = {isa = PBXBuildFile; fileRef = EFF5279C27BF68920065C353 /* AppDelegate.m */; };
		EFF527A327BF68920065C353 /* ViewController.m in Sources */ = {isa = PBXBuildFile; fileRef = EFF527A227BF68920065C353 /* ViewController.m */; };
		EFF527A627BF68920065C353 /* Main.storyboard in Resources */ = {isa = PBXBuildFile; fileRef = EFF527A427BF68920065C353 /* Main.storyboard */; };
		EFF527A827BF68940065C353 /* Assets.xcassets in Resources */ = {isa = PBXBuildFile; fileRef = EFF527A727BF68940065C353 /* Assets.xcassets */; };
		EFF527AB27BF68940065C353 /* LaunchScreen.storyboard in Resources */ = {isa = PBXBuildFile; fileRef = EFF527A927BF68940065C353 /* LaunchScreen.storyboard */; };
		EFF527AE27BF68940065C353 /* main.m in Sources */ = {isa = PBXBuildFile; fileRef = EFF527AD27BF68940065C353 /* main.m */; };
/* End PBXBuildFile section */

/* Begin PBXFileReference section */
		88B84161751F421C4B63923C /* Pods-OCFlutterProject.debug.xcconfig */ = {isa = PBXFileReference; includeInIndex = 1; lastKnownFileType = text.xcconfig; name = "Pods-OCFlutterProject.debug.xcconfig"; path = "Target Support Files/Pods-OCFlutterProject/Pods-OCFlutterProject.debug.xcconfig"; sourceTree = "<group>"; };
		90D910AF57D5D38CA46C9EAC /* Pods-OCFlutterProject.release.xcconfig */ = {isa = PBXFileReference; includeInIndex = 1; lastKnownFileType = text.xcconfig; name = "Pods-OCFlutterProject.release.xcconfig"; path = "Target Support Files/Pods-OCFlutterProject/Pods-OCFlutterProject.release.xcconfig"; sourceTree = "<group>"; };
		B4D43AA5C8E3101A37674B7A /* Pods_OCFlutterProject.framework */ = {isa = PBXFileReference; explicitFileType = wrapper.framework; includeInIndex = 0; path = Pods_OCFlutterProject.framework; sourceTree = BUILT_PRODUCTS_DIR; };
		EFF5279827BF68920065C353 /* OCFlutterProject.app */ = {isa = PBXFileReference; explicitFileType = wrapper.application; includeInIndex = 0; path = OCFlutterProject.app; sourceTree = BUILT_PRODUCTS_DIR; };
		EFF5279B27BF68920065C353 /* AppDelegate.h */ = {isa = PBXFileReference; lastKnownFileType = sourcecode.c.h; path = AppDelegate.h; sourceTree = "<group>"; };
		EFF5279C27BF68920065C353 /* AppDelegate.m */ = {isa = PBXFileReference; lastKnownFileType = sourcecode.c.objc; path = AppDelegate.m; sourceTree = "<group>"; };
		EFF527A127BF68920065C353 /* ViewController.h */ = {isa = PBXFileReference; lastKnownFileType = sourcecode.c.h; path = ViewController.h; sourceTree = "<group>"; };
		EFF527A227BF68920065C353 /* ViewController.m */ = {isa = PBXFileReference; lastKnownFileType = sourcecode.c.objc; path = ViewController.m; sourceTree = "<group>"; };
		EFF527A527BF68920065C353 /* Base */ = {isa = PBXFileReference; lastKnownFileType = file.storyboard; name = Base; path = Base.lproj/Main.storyboard; sourceTree = "<group>"; };
		EFF527A727BF68940065C353 /* Assets.xcassets */ = {isa = PBXFileReference; lastKnownFileType = folder.assetcatalog; path = Assets.xcassets; sourceTree = "<group>"; };
		EFF527AA27BF68940065C353 /* Base */ = {isa = PBXFileReference; lastKnownFileType = file.storyboard; name = Base; path = Base.lproj/LaunchScreen.storyboard; sourceTree = "<group>"; };
		EFF527AC27BF68940065C353 /* Info.plist */ = {isa = PBXFileReference; lastKnownFileType = text.plist.xml; path = Info.plist; sourceTree = "<group>"; };
		EFF527AD27BF68940065C353 /* main.m */ = {isa = PBXFileReference; lastKnownFileType = sourcecode.c.objc; path = main.m; sourceTree = "<group>"; };
/* End PBXFileReference section */

/* Begin PBXFrameworksBuildPhase section */
		EFF5279527BF68920065C353 /* Frameworks */ = {
			isa = PBXFrameworksBuildPhase;
			buildActionMask = 2147483647;
			files = (
				4085A92490568C76AE0A9646 /* Pods_OCFlutterProject.framework in Frameworks */,
			);
			runOnlyForDeploymentPostprocessing = 0;
		};
/* End PBXFrameworksBuildPhase section */

/* Begin PBXGroup section */
		350142E8616B2E03CBA3983B /* Pods */ = {
			isa = PBXGroup;
			children = (
				88B84161751F421C4B63923C /* Pods-OCFlutterProject.debug.xcconfig */,
				90D910AF57D5D38CA46C9EAC /* Pods-OCFlutterProject.release.xcconfig */,
			);
			path = Pods;
			sourceTree = "<group>";
		};
		A211846D1EDECF0F3B2C0186 /* Frameworks */ = {
			isa = PBXGroup;
			children = (
				B4D43AA5C8E3101A37674B7A /* Pods_OCFlutterProject.framework */,
			);
			name = Frameworks;
			sourceTree = "<group>";
		};
		EFF5278F27BF68920065C353 = {
			isa = PBXGroup;
			children = (
				EFF5279A27BF68920065C353 /* OCFlutterProject */,
				EFF5279927BF68920065C353 /* Products */,
				350142E8616B2E03CBA3983B /* Pods */,
				A211846D1EDECF0F3B2C0186 /* Frameworks */,
			);
			sourceTree = "<group>";
		};
		EFF5279927BF68920065C353 /* Products */ = {
			isa = PBXGroup;
			children = (
				EFF5279827BF68920065C353 /* OCFlutterProject.app */,
			);
			name = Products;
			sourceTree = "<group>";
		};
		EFF5279A27BF68920065C353 /* OCFlutterProject */ = {
			isa = PBXGroup;
			children = (
				EFF5279B27BF68920065C353 /* AppDelegate.h */,
				EFF5279C27BF68920065C353 /* AppDelegate.m */,
				EFF527A127BF68920065C353 /* ViewController.h */,
				EFF527A227BF68920065C353 /* ViewController.m */,
				EFF527A427BF68920065C353 /* Main.storyboard */,
				EFF527A727BF68940065C353 /* Assets.xcassets */,
				EFF527A927BF68940065C353 /* LaunchScreen.storyboard */,
				EFF527AC27BF68940065C353 /* Info.plist */,
				EFF527AD27BF68940065C353 /* main.m */,
			);
			path = OCFlutterProject;
			sourceTree = "<group>";
		};
/* End PBXGroup section */

/* Begin PBXNativeTarget section */
		EFF5279727BF68920065C353 /* OCFlutterProject */ = {
			isa = PBXNativeTarget;
			buildConfigurationList = EFF527B127BF68940065C353 /* Build configuration list for PBXNativeTarget "OCFlutterProject" */;
			buildPhases = (
				7552F6B5DC555A26F483C6AF /* [CP] Check Pods Manifest.lock */,
				C58282E964DFCC81CDE00CA4 /* [CP-User] Run Flutter Build flutter_module Script */,
				EFF5279427BF68920065C353 /* Sources */,
				EFF5279527BF68920065C353 /* Frameworks */,
				EFF5279627BF68920065C353 /* Resources */,
				AE35AC9B9A194F8940D7339B /* [CP] Embed Pods Frameworks */,
				EF5B7AD227C4E9520063A67E /* ShellScript */,
			);
			buildRules = (
			);
			dependencies = (
			);
			name = OCFlutterProject;
			productName = OCFlutterProject;
			productReference = EFF5279827BF68920065C353 /* OCFlutterProject.app */;
			productType = "com.apple.product-type.application";
		};
/* End PBXNativeTarget section */

/* Begin PBXProject section */
		EFF5279027BF68920065C353 /* Project object */ = {
			isa = PBXProject;
			attributes = {
				BuildIndependentTargetsInParallel = 1;
				LastUpgradeCheck = 1320;
				TargetAttributes = {
					EFF5279727BF68920065C353 = {
						CreatedOnToolsVersion = 13.2.1;
					};
				};
			};
			buildConfigurationList = EFF5279327BF68920065C353 /* Build configuration list for PBXProject "OCFlutterProject" */;
			compatibilityVersion = "Xcode 13.0";
			developmentRegion = en;
			hasScannedForEncodings = 0;
			knownRegions = (
				en,
				Base,
			);
			mainGroup = EFF5278F27BF68920065C353;
			productRefGroup = EFF5279927BF68920065C353 /* Products */;
			projectDirPath = "";
			projectRoot = "";
			targets = (
				EFF5279727BF68920065C353 /* OCFlutterProject */,
			);
		};
/* End PBXProject section */

/* Begin PBXResourcesBuildPhase section */
		EFF5279627BF68920065C353 /* Resources */ = {
			isa = PBXResourcesBuildPhase;
			buildActionMask = 2147483647;
			files = (
				EFF527AB27BF68940065C353 /* LaunchScreen.storyboard in Resources */,
				EFF527A827BF68940065C353 /* Assets.xcassets in Resources */,
				EFF527A627BF68920065C353 /* Main.storyboard in Resources */,
			);
			runOnlyForDeploymentPostprocessing = 0;
		};
/* End PBXResourcesBuildPhase section */

/* Begin PBXShellScriptBuildPhase section */
		7552F6B5DC555A26F483C6AF /* [CP] Check Pods Manifest.lock */ = {
			isa = PBXShellScriptBuildPhase;
			buildActionMask = 2147483647;
			files = (
			);
			inputFileListPaths = (
			);
			inputPaths = (
				"${PODS_PODFILE_DIR_PATH}/Podfile.lock",
				"${PODS_ROOT}/Manifest.lock",
			);
			name = "[CP] Check Pods Manifest.lock";
			outputFileListPaths = (
			);
			outputPaths = (
				"$(DERIVED_FILE_DIR)/Pods-OCFlutterProject-checkManifestLockResult.txt",
			);
			runOnlyForDeploymentPostprocessing = 0;
			shellPath = /bin/sh;
			shellScript = "diff \"${PODS_PODFILE_DIR_PATH}/Podfile.lock\" \"${PODS_ROOT}/Manifest.lock\" > /dev/null\nif [ $? != 0 ] ; then\n    # print error to STDERR\n    echo \"error: The sandbox is not in sync with the Podfile.lock. Run 'pod install' or update your CocoaPods installation.\" >&2\n    exit 1\nfi\n# This output is used by Xcode 'outputs' to avoid re-running this script phase.\necho \"SUCCESS\" > \"${SCRIPT_OUTPUT_FILE_0}\"\n";
			showEnvVarsInLog = 0;
		};
		AE35AC9B9A194F8940D7339B /* [CP] Embed Pods Frameworks */ = {
			isa = PBXShellScriptBuildPhase;
			buildActionMask = 2147483647;
			files = (
			);
			inputFileListPaths = (
				"${PODS_ROOT}/Target Support Files/Pods-OCFlutterProject/Pods-OCFlutterProject-frameworks-${CONFIGURATION}-input-files.xcfilelist",
			);
			name = "[CP] Embed Pods Frameworks";
			outputFileListPaths = (
				"${PODS_ROOT}/Target Support Files/Pods-OCFlutterProject/Pods-OCFlutterProject-frameworks-${CONFIGURATION}-output-files.xcfilelist",
			);
			runOnlyForDeploymentPostprocessing = 0;
			shellPath = /bin/sh;
			shellScript = "\"${PODS_ROOT}/Target Support Files/Pods-OCFlutterProject/Pods-OCFlutterProject-frameworks.sh\"\n";
			showEnvVarsInLog = 0;
		};
		C58282E964DFCC81CDE00CA4 /* [CP-User] Run Flutter Build flutter_module Script */ = {
			isa = PBXShellScriptBuildPhase;
			buildActionMask = 2147483647;
			files = (
			);
			name = "[CP-User] Run Flutter Build flutter_module Script";
			runOnlyForDeploymentPostprocessing = 0;
			shellPath = /bin/sh;
			shellScript = "set -e\nset -u\nsource \"${SRCROOT}/../flutter_module/.ios/Flutter/flutter_export_environment.sh\"\nexport VERBOSE_SCRIPT_LOGGING=1 && \"$FLUTTER_ROOT\"/packages/flutter_tools/bin/xcode_backend.sh build";
		};
		EF5B7AD227C4E9520063A67E /* ShellScript */ = {
			isa = PBXShellScriptBuildPhase;
			buildActionMask = 2147483647;
			files = (
			);
			inputFileListPaths = (
			);
			inputPaths = (
			);
			outputFileListPaths = (
			);
			outputPaths = (
			);
			runOnlyForDeploymentPostprocessing = 0;
			shellPath = /bin/sh;
			shellScript = "\"$FLUTTER_ROOT/packages/flutter_tools/bin/xcode_backend.sh\" build\n\"$FLUTTER_ROOT/packages/flutter_tools/bin/xcode_backend.sh\" embed ${SOURCE_ROOT}/Flutter/App.framework\n";
		};
/* End PBXShellScriptBuildPhase section */

/* Begin PBXSourcesBuildPhase section */
		EFF5279427BF68920065C353 /* Sources */ = {
			isa = PBXSourcesBuildPhase;
			buildActionMask = 2147483647;
			files = (
				EFF527A327BF68920065C353 /* ViewController.m in Sources */,
				EFF5279D27BF68920065C353 /* AppDelegate.m in Sources */,
				EFF527AE27BF68940065C353 /* main.m in Sources */,
			);
			runOnlyForDeploymentPostprocessing = 0;
		};
/* End PBXSourcesBuildPhase section */

/* Begin PBXVariantGroup section */
		EFF527A427BF68920065C353 /* Main.storyboard */ = {
			isa = PBXVariantGroup;
			children = (
				EFF527A527BF68920065C353 /* Base */,
			);
			name = Main.storyboard;
			sourceTree = "<group>";
		};
		EFF527A927BF68940065C353 /* LaunchScreen.storyboard */ = {
			isa = PBXVariantGroup;
			children = (
				EFF527AA27BF68940065C353 /* Base */,
			);
			name = LaunchScreen.storyboard;
			sourceTree = "<group>";
		};
/* End PBXVariantGroup section */

/* Begin XCBuildConfiguration section */
		EFF527AF27BF68940065C353 /* Debug */ = {
			isa = XCBuildConfiguration;
			buildSettings = {
				ALWAYS_SEARCH_USER_PATHS = NO;
				CLANG_ANALYZER_NONNULL = YES;
				CLANG_ANALYZER_NUMBER_OBJECT_CONVERSION = YES_AGGRESSIVE;
				CLANG_CXX_LANGUAGE_STANDARD = "gnu++17";
				CLANG_CXX_LIBRARY = "libc++";
				CLANG_ENABLE_MODULES = YES;
				CLANG_ENABLE_OBJC_ARC = YES;
				CLANG_ENABLE_OBJC_WEAK = YES;
				CLANG_WARN_BLOCK_CAPTURE_AUTORELEASING = YES;
				CLANG_WARN_BOOL_CONVERSION = YES;
				CLANG_WARN_COMMA = YES;
				CLANG_WARN_CONSTANT_CONVERSION = YES;
				CLANG_WARN_DEPRECATED_OBJC_IMPLEMENTATIONS = YES;
				CLANG_WARN_DIRECT_OBJC_ISA_USAGE = YES_ERROR;
				CLANG_WARN_DOCUMENTATION_COMMENTS = YES;
				CLANG_WARN_EMPTY_BODY = YES;
				CLANG_WARN_ENUM_CONVERSION = YES;
				CLANG_WARN_INFINITE_RECURSION = YES;
				CLANG_WARN_INT_CONVERSION = YES;
				CLANG_WARN_NON_LITERAL_NULL_CONVERSION = YES;
				CLANG_WARN_OBJC_IMPLICIT_RETAIN_SELF = YES;
				CLANG_WARN_OBJC_LITERAL_CONVERSION = YES;
				CLANG_WARN_OBJC_ROOT_CLASS = YES_ERROR;
				CLANG_WARN_QUOTED_INCLUDE_IN_FRAMEWORK_HEADER = YES;
				CLANG_WARN_RANGE_LOOP_ANALYSIS = YES;
				CLANG_WARN_STRICT_PROTOTYPES = YES;
				CLANG_WARN_SUSPICIOUS_MOVE = YES;
				CLANG_WARN_UNGUARDED_AVAILABILITY = YES_AGGRESSIVE;
				CLANG_WARN_UNREACHABLE_CODE = YES;
				CLANG_WARN__DUPLICATE_METHOD_MATCH = YES;
				COPY_PHASE_STRIP = NO;
				DEBUG_INFORMATION_FORMAT = dwarf;
				ENABLE_STRICT_OBJC_MSGSEND = YES;
				ENABLE_TESTABILITY = YES;
				GCC_C_LANGUAGE_STANDARD = gnu11;
				GCC_DYNAMIC_NO_PIC = NO;
				GCC_NO_COMMON_BLOCKS = YES;
				GCC_OPTIMIZATION_LEVEL = 0;
				GCC_PREPROCESSOR_DEFINITIONS = (
					"DEBUG=1",
					"$(inherited)",
				);
				GCC_WARN_64_TO_32_BIT_CONVERSION = YES;
				GCC_WARN_ABOUT_RETURN_TYPE = YES_ERROR;
				GCC_WARN_UNDECLARED_SELECTOR = YES;
				GCC_WARN_UNINITIALIZED_AUTOS = YES_AGGRESSIVE;
				GCC_WARN_UNUSED_FUNCTION = YES;
				GCC_WARN_UNUSED_VARIABLE = YES;
				IPHONEOS_DEPLOYMENT_TARGET = 15.2;
				MTL_ENABLE_DEBUG_INFO = INCLUDE_SOURCE;
				MTL_FAST_MATH = YES;
				ONLY_ACTIVE_ARCH = YES;
				SDKROOT = iphoneos;
			};
			name = Debug;
		};
		EFF527B027BF68940065C353 /* Release */ = {
			isa = XCBuildConfiguration;
			buildSettings = {
				ALWAYS_SEARCH_USER_PATHS = NO;
				CLANG_ANALYZER_NONNULL = YES;
				CLANG_ANALYZER_NUMBER_OBJECT_CONVERSION = YES_AGGRESSIVE;
				CLANG_CXX_LANGUAGE_STANDARD = "gnu++17";
				CLANG_CXX_LIBRARY = "libc++";
				CLANG_ENABLE_MODULES = YES;
				CLANG_ENABLE_OBJC_ARC = YES;
				CLANG_ENABLE_OBJC_WEAK = YES;
				CLANG_WARN_BLOCK_CAPTURE_AUTORELEASING = YES;
				CLANG_WARN_BOOL_CONVERSION = YES;
				CLANG_WARN_COMMA = YES;
				CLANG_WARN_CONSTANT_CONVERSION = YES;
				CLANG_WARN_DEPRECATED_OBJC_IMPLEMENTATIONS = YES;
				CLANG_WARN_DIRECT_OBJC_ISA_USAGE = YES_ERROR;
				CLANG_WARN_DOCUMENTATION_COMMENTS = YES;
				CLANG_WARN_EMPTY_BODY = YES;
				CLANG_WARN_ENUM_CONVERSION = YES;
				CLANG_WARN_INFINITE_RECURSION = YES;
				CLANG_WARN_INT_CONVERSION = YES;
				CLANG_WARN_NON_LITERAL_NULL_CONVERSION = YES;
				CLANG_WARN_OBJC_IMPLICIT_RETAIN_SELF = YES;
				CLANG_WARN_OBJC_LITERAL_CONVERSION = YES;
				CLANG_WARN_OBJC_ROOT_CLASS = YES_ERROR;
				CLANG_WARN_QUOTED_INCLUDE_IN_FRAMEWORK_HEADER = YES;
				CLANG_WARN_RANGE_LOOP_ANALYSIS = YES;
				CLANG_WARN_STRICT_PROTOTYPES = YES;
				CLANG_WARN_SUSPICIOUS_MOVE = YES;
				CLANG_WARN_UNGUARDED_AVAILABILITY = YES_AGGRESSIVE;
				CLANG_WARN_UNREACHABLE_CODE = YES;
				CLANG_WARN__DUPLICATE_METHOD_MATCH = YES;
				COPY_PHASE_STRIP = NO;
				DEBUG_INFORMATION_FORMAT = "dwarf-with-dsym";
				ENABLE_NS_ASSERTIONS = NO;
				ENABLE_STRICT_OBJC_MSGSEND = YES;
				GCC_C_LANGUAGE_STANDARD = gnu11;
				GCC_NO_COMMON_BLOCKS = YES;
				GCC_WARN_64_TO_32_BIT_CONVERSION = YES;
				GCC_WARN_ABOUT_RETURN_TYPE = YES_ERROR;
				GCC_WARN_UNDECLARED_SELECTOR = YES;
				GCC_WARN_UNINITIALIZED_AUTOS = YES_AGGRESSIVE;
				GCC_WARN_UNUSED_FUNCTION = YES;
				GCC_WARN_UNUSED_VARIABLE = YES;
				IPHONEOS_DEPLOYMENT_TARGET = 15.2;
				MTL_ENABLE_DEBUG_INFO = NO;
				MTL_FAST_MATH = YES;
				SDKROOT = iphoneos;
				VALIDATE_PRODUCT = YES;
			};
			name = Release;
		};
		EFF527B227BF68940065C353 /* Debug */ = {
			isa = XCBuildConfiguration;
			baseConfigurationReference = 88B84161751F421C4B63923C /* Pods-OCFlutterProject.debug.xcconfig */;
			buildSettings = {
				ASSETCATALOG_COMPILER_APPICON_NAME = AppIcon;
				ASSETCATALOG_COMPILER_GLOBAL_ACCENT_COLOR_NAME = AccentColor;
				CODE_SIGN_STYLE = Automatic;
				CURRENT_PROJECT_VERSION = 1;
				ENABLE_BITCODE = NO;
				FLUTTER_ROOT = /Users/lipengyuan/Documents/FlutterSDK/flutter;
				GENERATE_INFOPLIST_FILE = YES;
				INFOPLIST_FILE = OCFlutterProject/Info.plist;
				INFOPLIST_KEY_UIApplicationSupportsIndirectInputEvents = YES;
				INFOPLIST_KEY_UILaunchStoryboardName = LaunchScreen;
				INFOPLIST_KEY_UIMainStoryboardFile = Main;
				INFOPLIST_KEY_UISupportedInterfaceOrientations_iPad = "UIInterfaceOrientationPortrait UIInterfaceOrientationPortraitUpsideDown UIInterfaceOrientationLandscapeLeft UIInterfaceOrientationLandscapeRight";
				INFOPLIST_KEY_UISupportedInterfaceOrientations_iPhone = "UIInterfaceOrientationPortrait UIInterfaceOrientationLandscapeLeft UIInterfaceOrientationLandscapeRight";
				LD_RUNPATH_SEARCH_PATHS = (
					"$(inherited)",
					"@executable_path/Frameworks",
				);
				MARKETING_VERSION = 1.0;
				PRODUCT_BUNDLE_IDENTIFIER = com.qianyuIm.OCFlutterProject;
				PRODUCT_NAME = "$(TARGET_NAME)";
				SWIFT_EMIT_LOC_STRINGS = YES;
				TARGETED_DEVICE_FAMILY = "1,2";
			};
			name = Debug;
		};
		EFF527B327BF68940065C353 /* Release */ = {
			isa = XCBuildConfiguration;
			baseConfigurationReference = 90D910AF57D5D38CA46C9EAC /* Pods-OCFlutterProject.release.xcconfig */;
			buildSettings = {
				ASSETCATALOG_COMPILER_APPICON_NAME = AppIcon;
				ASSETCATALOG_COMPILER_GLOBAL_ACCENT_COLOR_NAME = AccentColor;
				CODE_SIGN_STYLE = Automatic;
				CURRENT_PROJECT_VERSION = 1;
				ENABLE_BITCODE = NO;
				FLUTTER_ROOT = /Users/lipengyuan/Documents/FlutterSDK/flutter;
				GENERATE_INFOPLIST_FILE = YES;
				INFOPLIST_FILE = OCFlutterProject/Info.plist;
				INFOPLIST_KEY_UIApplicationSupportsIndirectInputEvents = YES;
				INFOPLIST_KEY_UILaunchStoryboardName = LaunchScreen;
				INFOPLIST_KEY_UIMainStoryboardFile = Main;
				INFOPLIST_KEY_UISupportedInterfaceOrientations_iPad = "UIInterfaceOrientationPortrait UIInterfaceOrientationPortraitUpsideDown UIInterfaceOrientationLandscapeLeft UIInterfaceOrientationLandscapeRight";
				INFOPLIST_KEY_UISupportedInterfaceOrientations_iPhone = "UIInterfaceOrientationPortrait UIInterfaceOrientationLandscapeLeft UIInterfaceOrientationLandscapeRight";
				LD_RUNPATH_SEARCH_PATHS = (
					"$(inherited)",
					"@executable_path/Frameworks",
				);
				MARKETING_VERSION = 1.0;
				PRODUCT_BUNDLE_IDENTIFIER = com.qianyuIm.OCFlutterProject;
				PRODUCT_NAME = "$(TARGET_NAME)";
				SWIFT_EMIT_LOC_STRINGS = YES;
				TARGETED_DEVICE_FAMILY = "1,2";
			};
			name = Release;
		};
/* End XCBuildConfiguration section */

/* Begin XCConfigurationList section */
		EFF5279327BF68920065C353 /* Build configuration list for PBXProject "OCFlutterProject" */ = {
			isa = XCConfigurationList;
			buildConfigurations = (
				EFF527AF27BF68940065C353 /* Debug */,
				EFF527B027BF68940065C353 /* Release */,
			);
			defaultConfigurationIsVisible = 0;
			defaultConfigurationName = Release;
		};
		EFF527B127BF68940065C353 /* Build configuration list for PBXNativeTarget "OCFlutterProject" */ = {
			isa = XCConfigurationList;
			buildConfigurations = (
				EFF527B227BF68940065C353 /* Debug */,
				EFF527B327BF68940065C353 /* Release */,
			);
			defaultConfigurationIsVisible = 0;
			defaultConfigurationName = Release;
		};
/* End XCConfigurationList section */
	};
	rootObject = EFF5279027BF68920065C353 /* Project object */;
}
