// !$*UTF8*$!
{
	archiveVersion = 1;
	classes = {
	};
	objectVersion = 50;
	objects = {

/* Begin PBXBuildFile section */
		EF7A267A261322530090E9EB /* AppDelegate.m in Sources */ = {isa = PBXBuildFile; fileRef = EF7A2679261322530090E9EB /* AppDelegate.m */; };
		EF7A267D261322530090E9EB /* SceneDelegate.m in Sources */ = {isa = PBXBuildFile; fileRef = EF7A267C261322530090E9EB /* SceneDelegate.m */; };
		EF7A2680261322530090E9EB /* ViewController.m in Sources */ = {isa = PBXBuildFile; fileRef = EF7A267F261322530090E9EB /* ViewController.m */; };
		EF7A2683261322530090E9EB /* Main.storyboard in Resources */ = {isa = PBXBuildFile; fileRef = EF7A2681261322530090E9EB /* Main.storyboard */; };
		EF7A2685261322550090E9EB /* Assets.xcassets in Resources */ = {isa = PBXBuildFile; fileRef = EF7A2684261322550090E9EB /* Assets.xcassets */; };
		EF7A2688261322550090E9EB /* LaunchScreen.storyboard in Resources */ = {isa = PBXBuildFile; fileRef = EF7A2686261322550090E9EB /* LaunchScreen.storyboard */; };
		EF7A268B261322550090E9EB /* main.m in Sources */ = {isa = PBXBuildFile; fileRef = EF7A268A261322550090E9EB /* main.m */; };
		EF7A2696261325DE0090E9EB /* UnrecognizedSelectorController.m in Sources */ = {isa = PBXBuildFile; fileRef = EF7A2695261325DE0090E9EB /* UnrecognizedSelectorController.m */; };
		EF7A269B261325EE0090E9EB /* BaseViewController.m in Sources */ = {isa = PBXBuildFile; fileRef = EF7A269A261325EE0090E9EB /* BaseViewController.m */; };
		EF7A269F261327EC0090E9EB /* KVCCrashController.m in Sources */ = {isa = PBXBuildFile; fileRef = EF7A269E261327EC0090E9EB /* KVCCrashController.m */; };
		EF7A26A326132A010090E9EB /* BadAccessController.m in Sources */ = {isa = PBXBuildFile; fileRef = EF7A26A226132A010090E9EB /* BadAccessController.m */; };
		EF7A26A726132AB70090E9EB /* KVOCrashController.m in Sources */ = {isa = PBXBuildFile; fileRef = EF7A26A626132AB70090E9EB /* KVOCrashController.m */; };
/* End PBXBuildFile section */

/* Begin PBXFileReference section */
		EF7A2675261322530090E9EB /* Crash.app */ = {isa = PBXFileReference; explicitFileType = wrapper.application; includeInIndex = 0; path = Crash.app; sourceTree = BUILT_PRODUCTS_DIR; };
		EF7A2678261322530090E9EB /* AppDelegate.h */ = {isa = PBXFileReference; lastKnownFileType = sourcecode.c.h; path = AppDelegate.h; sourceTree = "<group>"; };
		EF7A2679261322530090E9EB /* AppDelegate.m */ = {isa = PBXFileReference; lastKnownFileType = sourcecode.c.objc; path = AppDelegate.m; sourceTree = "<group>"; };
		EF7A267B261322530090E9EB /* SceneDelegate.h */ = {isa = PBXFileReference; lastKnownFileType = sourcecode.c.h; path = SceneDelegate.h; sourceTree = "<group>"; };
		EF7A267C261322530090E9EB /* SceneDelegate.m */ = {isa = PBXFileReference; lastKnownFileType = sourcecode.c.objc; path = SceneDelegate.m; sourceTree = "<group>"; };
		EF7A267E261322530090E9EB /* ViewController.h */ = {isa = PBXFileReference; lastKnownFileType = sourcecode.c.h; path = ViewController.h; sourceTree = "<group>"; };
		EF7A267F261322530090E9EB /* ViewController.m */ = {isa = PBXFileReference; lastKnownFileType = sourcecode.c.objc; path = ViewController.m; sourceTree = "<group>"; };
		EF7A2682261322530090E9EB /* Base */ = {isa = PBXFileReference; lastKnownFileType = file.storyboard; name = Base; path = Base.lproj/Main.storyboard; sourceTree = "<group>"; };
		EF7A2684261322550090E9EB /* Assets.xcassets */ = {isa = PBXFileReference; lastKnownFileType = folder.assetcatalog; path = Assets.xcassets; sourceTree = "<group>"; };
		EF7A2687261322550090E9EB /* Base */ = {isa = PBXFileReference; lastKnownFileType = file.storyboard; name = Base; path = Base.lproj/LaunchScreen.storyboard; sourceTree = "<group>"; };
		EF7A2689261322550090E9EB /* Info.plist */ = {isa = PBXFileReference; lastKnownFileType = text.plist.xml; path = Info.plist; sourceTree = "<group>"; };
		EF7A268A261322550090E9EB /* main.m */ = {isa = PBXFileReference; lastKnownFileType = sourcecode.c.objc; path = main.m; sourceTree = "<group>"; };
		EF7A2694261325DE0090E9EB /* UnrecognizedSelectorController.h */ = {isa = PBXFileReference; lastKnownFileType = sourcecode.c.h; path = UnrecognizedSelectorController.h; sourceTree = "<group>"; };
		EF7A2695261325DE0090E9EB /* UnrecognizedSelectorController.m */ = {isa = PBXFileReference; lastKnownFileType = sourcecode.c.objc; path = UnrecognizedSelectorController.m; sourceTree = "<group>"; };
		EF7A2699261325EE0090E9EB /* BaseViewController.h */ = {isa = PBXFileReference; lastKnownFileType = sourcecode.c.h; path = BaseViewController.h; sourceTree = "<group>"; };
		EF7A269A261325EE0090E9EB /* BaseViewController.m */ = {isa = PBXFileReference; lastKnownFileType = sourcecode.c.objc; path = BaseViewController.m; sourceTree = "<group>"; };
		EF7A269D261327EC0090E9EB /* KVCCrashController.h */ = {isa = PBXFileReference; lastKnownFileType = sourcecode.c.h; path = KVCCrashController.h; sourceTree = "<group>"; };
		EF7A269E261327EC0090E9EB /* KVCCrashController.m */ = {isa = PBXFileReference; lastKnownFileType = sourcecode.c.objc; path = KVCCrashController.m; sourceTree = "<group>"; };
		EF7A26A126132A010090E9EB /* BadAccessController.h */ = {isa = PBXFileReference; lastKnownFileType = sourcecode.c.h; path = BadAccessController.h; sourceTree = "<group>"; };
		EF7A26A226132A010090E9EB /* BadAccessController.m */ = {isa = PBXFileReference; lastKnownFileType = sourcecode.c.objc; path = BadAccessController.m; sourceTree = "<group>"; };
		EF7A26A526132AB70090E9EB /* KVOCrashController.h */ = {isa = PBXFileReference; lastKnownFileType = sourcecode.c.h; path = KVOCrashController.h; sourceTree = "<group>"; };
		EF7A26A626132AB70090E9EB /* KVOCrashController.m */ = {isa = PBXFileReference; lastKnownFileType = sourcecode.c.objc; path = KVOCrashController.m; sourceTree = "<group>"; };
/* End PBXFileReference section */

/* Begin PBXFrameworksBuildPhase section */
		EF7A2672261322530090E9EB /* Frameworks */ = {
			isa = PBXFrameworksBuildPhase;
			buildActionMask = 2147483647;
			files = (
			);
			runOnlyForDeploymentPostprocessing = 0;
		};
/* End PBXFrameworksBuildPhase section */

/* Begin PBXGroup section */
		EF7A266C261322530090E9EB = {
			isa = PBXGroup;
			children = (
				EF7A2677261322530090E9EB /* Crash */,
				EF7A2676261322530090E9EB /* Products */,
			);
			sourceTree = "<group>";
		};
		EF7A2676261322530090E9EB /* Products */ = {
			isa = PBXGroup;
			children = (
				EF7A2675261322530090E9EB /* Crash.app */,
			);
			name = Products;
			sourceTree = "<group>";
		};
		EF7A2677261322530090E9EB /* Crash */ = {
			isa = PBXGroup;
			children = (
				EF7A2678261322530090E9EB /* AppDelegate.h */,
				EF7A2679261322530090E9EB /* AppDelegate.m */,
				EF7A267B261322530090E9EB /* SceneDelegate.h */,
				EF7A267C261322530090E9EB /* SceneDelegate.m */,
				EF7A267E261322530090E9EB /* ViewController.h */,
				EF7A267F261322530090E9EB /* ViewController.m */,
				EF7A2699261325EE0090E9EB /* BaseViewController.h */,
				EF7A269A261325EE0090E9EB /* BaseViewController.m */,
				EF7A2693261325C30090E9EB /* sub */,
				EF7A2681261322530090E9EB /* Main.storyboard */,
				EF7A2684261322550090E9EB /* Assets.xcassets */,
				EF7A2686261322550090E9EB /* LaunchScreen.storyboard */,
				EF7A2689261322550090E9EB /* Info.plist */,
				EF7A268A261322550090E9EB /* main.m */,
			);
			path = Crash;
			sourceTree = "<group>";
		};
		EF7A2693261325C30090E9EB /* sub */ = {
			isa = PBXGroup;
			children = (
				EF7A2694261325DE0090E9EB /* UnrecognizedSelectorController.h */,
				EF7A2695261325DE0090E9EB /* UnrecognizedSelectorController.m */,
				EF7A269D261327EC0090E9EB /* KVCCrashController.h */,
				EF7A269E261327EC0090E9EB /* KVCCrashController.m */,
				EF7A26A126132A010090E9EB /* BadAccessController.h */,
				EF7A26A226132A010090E9EB /* BadAccessController.m */,
				EF7A26A526132AB70090E9EB /* KVOCrashController.h */,
				EF7A26A626132AB70090E9EB /* KVOCrashController.m */,
			);
			path = sub;
			sourceTree = "<group>";
		};
/* End PBXGroup section */

/* Begin PBXNativeTarget section */
		EF7A2674261322530090E9EB /* Crash */ = {
			isa = PBXNativeTarget;
			buildConfigurationList = EF7A268E261322550090E9EB /* Build configuration list for PBXNativeTarget "Crash" */;
			buildPhases = (
				EF7A2671261322530090E9EB /* Sources */,
				EF7A2672261322530090E9EB /* Frameworks */,
				EF7A2673261322530090E9EB /* Resources */,
			);
			buildRules = (
			);
			dependencies = (
			);
			name = Crash;
			productName = Crash;
			productReference = EF7A2675261322530090E9EB /* Crash.app */;
			productType = "com.apple.product-type.application";
		};
/* End PBXNativeTarget section */

/* Begin PBXProject section */
		EF7A266D261322530090E9EB /* Project object */ = {
			isa = PBXProject;
			attributes = {
				LastUpgradeCheck = 1210;
				TargetAttributes = {
					EF7A2674261322530090E9EB = {
						CreatedOnToolsVersion = 12.1;
					};
				};
			};
			buildConfigurationList = EF7A2670261322530090E9EB /* Build configuration list for PBXProject "Crash" */;
			compatibilityVersion = "Xcode 9.3";
			developmentRegion = en;
			hasScannedForEncodings = 0;
			knownRegions = (
				en,
				Base,
			);
			mainGroup = EF7A266C261322530090E9EB;
			productRefGroup = EF7A2676261322530090E9EB /* Products */;
			projectDirPath = "";
			projectRoot = "";
			targets = (
				EF7A2674261322530090E9EB /* Crash */,
			);
		};
/* End PBXProject section */

/* Begin PBXResourcesBuildPhase section */
		EF7A2673261322530090E9EB /* Resources */ = {
			isa = PBXResourcesBuildPhase;
			buildActionMask = 2147483647;
			files = (
				EF7A2688261322550090E9EB /* LaunchScreen.storyboard in Resources */,
				EF7A2685261322550090E9EB /* Assets.xcassets in Resources */,
				EF7A2683261322530090E9EB /* Main.storyboard in Resources */,
			);
			runOnlyForDeploymentPostprocessing = 0;
		};
/* End PBXResourcesBuildPhase section */

/* Begin PBXSourcesBuildPhase section */
		EF7A2671261322530090E9EB /* Sources */ = {
			isa = PBXSourcesBuildPhase;
			buildActionMask = 2147483647;
			files = (
				EF7A2680261322530090E9EB /* ViewController.m in Sources */,
				EF7A26A726132AB70090E9EB /* KVOCrashController.m in Sources */,
				EF7A269F261327EC0090E9EB /* KVCCrashController.m in Sources */,
				EF7A269B261325EE0090E9EB /* BaseViewController.m in Sources */,
				EF7A267A261322530090E9EB /* AppDelegate.m in Sources */,
				EF7A268B261322550090E9EB /* main.m in Sources */,
				EF7A26A326132A010090E9EB /* BadAccessController.m in Sources */,
				EF7A2696261325DE0090E9EB /* UnrecognizedSelectorController.m in Sources */,
				EF7A267D261322530090E9EB /* SceneDelegate.m in Sources */,
			);
			runOnlyForDeploymentPostprocessing = 0;
		};
/* End PBXSourcesBuildPhase section */

/* Begin PBXVariantGroup section */
		EF7A2681261322530090E9EB /* Main.storyboard */ = {
			isa = PBXVariantGroup;
			children = (
				EF7A2682261322530090E9EB /* Base */,
			);
			name = Main.storyboard;
			sourceTree = "<group>";
		};
		EF7A2686261322550090E9EB /* LaunchScreen.storyboard */ = {
			isa = PBXVariantGroup;
			children = (
				EF7A2687261322550090E9EB /* Base */,
			);
			name = LaunchScreen.storyboard;
			sourceTree = "<group>";
		};
/* End PBXVariantGroup section */

/* Begin XCBuildConfiguration section */
		EF7A268C261322550090E9EB /* Debug */ = {
			isa = XCBuildConfiguration;
			buildSettings = {
				ALWAYS_SEARCH_USER_PATHS = NO;
				CLANG_ANALYZER_NONNULL = YES;
				CLANG_ANALYZER_NUMBER_OBJECT_CONVERSION = YES_AGGRESSIVE;
				CLANG_CXX_LANGUAGE_STANDARD = "gnu++14";
				CLANG_CXX_LIBRARY = "libc++";
				CLANG_ENABLE_MODULES = YES;
				CLANG_ENABLE_OBJC_ARC = YES;
				CLANG_ENABLE_OBJC_WEAK = YES;
				CLANG_WARN_BLOCK_CAPTURE_AUTORELEASING = YES;
				CLANG_WARN_BOOL_CONVERSION = YES;
				CLANG_WARN_COMMA = YES;
				CLANG_WARN_CONSTANT_CONVERSION = YES;
				CLANG_WARN_DEPRECATED_OBJC_IMPLEMENTATIONS = YES;
				CLANG_WARN_DIRECT_OBJC_ISA_USAGE = YES_ERROR;
				CLANG_WARN_DOCUMENTATION_COMMENTS = YES;
				CLANG_WARN_EMPTY_BODY = YES;
				CLANG_WARN_ENUM_CONVERSION = YES;
				CLANG_WARN_INFINITE_RECURSION = YES;
				CLANG_WARN_INT_CONVERSION = YES;
				CLANG_WARN_NON_LITERAL_NULL_CONVERSION = YES;
				CLANG_WARN_OBJC_IMPLICIT_RETAIN_SELF = YES;
				CLANG_WARN_OBJC_LITERAL_CONVERSION = YES;
				CLANG_WARN_OBJC_ROOT_CLASS = YES_ERROR;
				CLANG_WARN_QUOTED_INCLUDE_IN_FRAMEWORK_HEADER = YES;
				CLANG_WARN_RANGE_LOOP_ANALYSIS = YES;
				CLANG_WARN_STRICT_PROTOTYPES = YES;
				CLANG_WARN_SUSPICIOUS_MOVE = YES;
				CLANG_WARN_UNGUARDED_AVAILABILITY = YES_AGGRESSIVE;
				CLANG_WARN_UNREACHABLE_CODE = YES;
				CLANG_WARN__DUPLICATE_METHOD_MATCH = YES;
				COPY_PHASE_STRIP = NO;
				DEBUG_INFORMATION_FORMAT = dwarf;
				ENABLE_STRICT_OBJC_MSGSEND = YES;
				ENABLE_TESTABILITY = YES;
				GCC_C_LANGUAGE_STANDARD = gnu11;
				GCC_DYNAMIC_NO_PIC = NO;
				GCC_NO_COMMON_BLOCKS = YES;
				GCC_OPTIMIZATION_LEVEL = 0;
				GCC_PREPROCESSOR_DEFINITIONS = (
					"DEBUG=1",
					"$(inherited)",
				);
				GCC_WARN_64_TO_32_BIT_CONVERSION = YES;
				GCC_WARN_ABOUT_RETURN_TYPE = YES_ERROR;
				GCC_WARN_UNDECLARED_SELECTOR = YES;
				GCC_WARN_UNINITIALIZED_AUTOS = YES_AGGRESSIVE;
				GCC_WARN_UNUSED_FUNCTION = YES;
				GCC_WARN_UNUSED_VARIABLE = YES;
				IPHONEOS_DEPLOYMENT_TARGET = 14.1;
				MTL_ENABLE_DEBUG_INFO = INCLUDE_SOURCE;
				MTL_FAST_MATH = YES;
				ONLY_ACTIVE_ARCH = YES;
				SDKROOT = iphoneos;
			};
			name = Debug;
		};
		EF7A268D261322550090E9EB /* Release */ = {
			isa = XCBuildConfiguration;
			buildSettings = {
				ALWAYS_SEARCH_USER_PATHS = NO;
				CLANG_ANALYZER_NONNULL = YES;
				CLANG_ANALYZER_NUMBER_OBJECT_CONVERSION = YES_AGGRESSIVE;
				CLANG_CXX_LANGUAGE_STANDARD = "gnu++14";
				CLANG_CXX_LIBRARY = "libc++";
				CLANG_ENABLE_MODULES = YES;
				CLANG_ENABLE_OBJC_ARC = YES;
				CLANG_ENABLE_OBJC_WEAK = YES;
				CLANG_WARN_BLOCK_CAPTURE_AUTORELEASING = YES;
				CLANG_WARN_BOOL_CONVERSION = YES;
				CLANG_WARN_COMMA = YES;
				CLANG_WARN_CONSTANT_CONVERSION = YES;
				CLANG_WARN_DEPRECATED_OBJC_IMPLEMENTATIONS = YES;
				CLANG_WARN_DIRECT_OBJC_ISA_USAGE = YES_ERROR;
				CLANG_WARN_DOCUMENTATION_COMMENTS = YES;
				CLANG_WARN_EMPTY_BODY = YES;
				CLANG_WARN_ENUM_CONVERSION = YES;
				CLANG_WARN_INFINITE_RECURSION = YES;
				CLANG_WARN_INT_CONVERSION = YES;
				CLANG_WARN_NON_LITERAL_NULL_CONVERSION = YES;
				CLANG_WARN_OBJC_IMPLICIT_RETAIN_SELF = YES;
				CLANG_WARN_OBJC_LITERAL_CONVERSION = YES;
				CLANG_WARN_OBJC_ROOT_CLASS = YES_ERROR;
				CLANG_WARN_QUOTED_INCLUDE_IN_FRAMEWORK_HEADER = YES;
				CLANG_WARN_RANGE_LOOP_ANALYSIS = YES;
				CLANG_WARN_STRICT_PROTOTYPES = YES;
				CLANG_WARN_SUSPICIOUS_MOVE = YES;
				CLANG_WARN_UNGUARDED_AVAILABILITY = YES_AGGRESSIVE;
				CLANG_WARN_UNREACHABLE_CODE = YES;
				CLANG_WARN__DUPLICATE_METHOD_MATCH = YES;
				COPY_PHASE_STRIP = NO;
				DEBUG_INFORMATION_FORMAT = "dwarf-with-dsym";
				ENABLE_NS_ASSERTIONS = NO;
				ENABLE_STRICT_OBJC_MSGSEND = YES;
				GCC_C_LANGUAGE_STANDARD = gnu11;
				GCC_NO_COMMON_BLOCKS = YES;
				GCC_WARN_64_TO_32_BIT_CONVERSION = YES;
				GCC_WARN_ABOUT_RETURN_TYPE = YES_ERROR;
				GCC_WARN_UNDECLARED_SELECTOR = YES;
				GCC_WARN_UNINITIALIZED_AUTOS = YES_AGGRESSIVE;
				GCC_WARN_UNUSED_FUNCTION = YES;
				GCC_WARN_UNUSED_VARIABLE = YES;
				IPHONEOS_DEPLOYMENT_TARGET = 14.1;
				MTL_ENABLE_DEBUG_INFO = NO;
				MTL_FAST_MATH = YES;
				SDKROOT = iphoneos;
				VALIDATE_PRODUCT = YES;
			};
			name = Release;
		};
		EF7A268F261322550090E9EB /* Debug */ = {
			isa = XCBuildConfiguration;
			buildSettings = {
				ASSETCATALOG_COMPILER_APPICON_NAME = AppIcon;
				ASSETCATALOG_COMPILER_GLOBAL_ACCENT_COLOR_NAME = AccentColor;
				CODE_SIGN_STYLE = Automatic;
				INFOPLIST_FILE = Crash/Info.plist;
				IPHONEOS_DEPLOYMENT_TARGET = 14.0;
				LD_RUNPATH_SEARCH_PATHS = (
					"$(inherited)",
					"@executable_path/Frameworks",
				);
				PRODUCT_BUNDLE_IDENTIFIER = com.qianyuIm.Crash;
				PRODUCT_NAME = "$(TARGET_NAME)";
				TARGETED_DEVICE_FAMILY = "1,2";
			};
			name = Debug;
		};
		EF7A2690261322550090E9EB /* Release */ = {
			isa = XCBuildConfiguration;
			buildSettings = {
				ASSETCATALOG_COMPILER_APPICON_NAME = AppIcon;
				ASSETCATALOG_COMPILER_GLOBAL_ACCENT_COLOR_NAME = AccentColor;
				CODE_SIGN_STYLE = Automatic;
				INFOPLIST_FILE = Crash/Info.plist;
				IPHONEOS_DEPLOYMENT_TARGET = 14.0;
				LD_RUNPATH_SEARCH_PATHS = (
					"$(inherited)",
					"@executable_path/Frameworks",
				);
				PRODUCT_BUNDLE_IDENTIFIER = com.qianyuIm.Crash;
				PRODUCT_NAME = "$(TARGET_NAME)";
				TARGETED_DEVICE_FAMILY = "1,2";
			};
			name = Release;
		};
/* End XCBuildConfiguration section */

/* Begin XCConfigurationList section */
		EF7A2670261322530090E9EB /* Build configuration list for PBXProject "Crash" */ = {
			isa = XCConfigurationList;
			buildConfigurations = (
				EF7A268C261322550090E9EB /* Debug */,
				EF7A268D261322550090E9EB /* Release */,
			);
			defaultConfigurationIsVisible = 0;
			defaultConfigurationName = Release;
		};
		EF7A268E261322550090E9EB /* Build configuration list for PBXNativeTarget "Crash" */ = {
			isa = XCConfigurationList;
			buildConfigurations = (
				EF7A268F261322550090E9EB /* Debug */,
				EF7A2690261322550090E9EB /* Release */,
			);
			defaultConfigurationIsVisible = 0;
			defaultConfigurationName = Release;
		};
/* End XCConfigurationList section */
	};
	rootObject = EF7A266D261322530090E9EB /* Project object */;
}
