// !$*UTF8*$!
{
	archiveVersion = 1;
	classes = {
	};
	objectVersion = 55;
	objects = {

/* Begin PBXBuildFile section */
		EF197C0227BCF6CF00ED93DA /* AppDelegate.m in Sources */ = {isa = PBXBuildFile; fileRef = EF197C0127BCF6CF00ED93DA /* AppDelegate.m */; };
		EF197C0527BCF6CF00ED93DA /* SceneDelegate.m in Sources */ = {isa = PBXBuildFile; fileRef = EF197C0427BCF6CF00ED93DA /* SceneDelegate.m */; };
		EF197C0827BCF6CF00ED93DA /* ViewController.m in Sources */ = {isa = PBXBuildFile; fileRef = EF197C0727BCF6CF00ED93DA /* ViewController.m */; };
		EF197C0B27BCF6CF00ED93DA /* Main.storyboard in Resources */ = {isa = PBXBuildFile; fileRef = EF197C0927BCF6CF00ED93DA /* Main.storyboard */; };
		EF197C0D27BCF6D100ED93DA /* Assets.xcassets in Resources */ = {isa = PBXBuildFile; fileRef = EF197C0C27BCF6D100ED93DA /* Assets.xcassets */; };
		EF197C1027BCF6D100ED93DA /* LaunchScreen.storyboard in Resources */ = {isa = PBXBuildFile; fileRef = EF197C0E27BCF6D100ED93DA /* LaunchScreen.storyboard */; };
		EF197C1327BCF6D100ED93DA /* main.m in Sources */ = {isa = PBXBuildFile; fileRef = EF197C1227BCF6D100ED93DA /* main.m */; };
		EF197C1C27BCFD7800ED93DA /* image1.jpeg in Resources */ = {isa = PBXBuildFile; fileRef = EF197C1B27BCFD7800ED93DA /* image1.jpeg */; };
/* End PBXBuildFile section */

/* Begin PBXFileReference section */
		EF197BFD27BCF6CF00ED93DA /* 加载大图.app */ = {isa = PBXFileReference; explicitFileType = wrapper.application; includeInIndex = 0; path = "加载大图.app"; sourceTree = BUILT_PRODUCTS_DIR; };
		EF197C0027BCF6CF00ED93DA /* AppDelegate.h */ = {isa = PBXFileReference; lastKnownFileType = sourcecode.c.h; path = AppDelegate.h; sourceTree = "<group>"; };
		EF197C0127BCF6CF00ED93DA /* AppDelegate.m */ = {isa = PBXFileReference; lastKnownFileType = sourcecode.c.objc; path = AppDelegate.m; sourceTree = "<group>"; };
		EF197C0327BCF6CF00ED93DA /* SceneDelegate.h */ = {isa = PBXFileReference; lastKnownFileType = sourcecode.c.h; path = SceneDelegate.h; sourceTree = "<group>"; };
		EF197C0427BCF6CF00ED93DA /* SceneDelegate.m */ = {isa = PBXFileReference; lastKnownFileType = sourcecode.c.objc; path = SceneDelegate.m; sourceTree = "<group>"; };
		EF197C0627BCF6CF00ED93DA /* ViewController.h */ = {isa = PBXFileReference; lastKnownFileType = sourcecode.c.h; path = ViewController.h; sourceTree = "<group>"; };
		EF197C0727BCF6CF00ED93DA /* ViewController.m */ = {isa = PBXFileReference; lastKnownFileType = sourcecode.c.objc; path = ViewController.m; sourceTree = "<group>"; };
		EF197C0A27BCF6CF00ED93DA /* Base */ = {isa = PBXFileReference; lastKnownFileType = file.storyboard; name = Base; path = Base.lproj/Main.storyboard; sourceTree = "<group>"; };
		EF197C0C27BCF6D100ED93DA /* Assets.xcassets */ = {isa = PBXFileReference; lastKnownFileType = folder.assetcatalog; path = Assets.xcassets; sourceTree = "<group>"; };
		EF197C0F27BCF6D100ED93DA /* Base */ = {isa = PBXFileReference; lastKnownFileType = file.storyboard; name = Base; path = Base.lproj/LaunchScreen.storyboard; sourceTree = "<group>"; };
		EF197C1127BCF6D100ED93DA /* Info.plist */ = {isa = PBXFileReference; lastKnownFileType = text.plist.xml; path = Info.plist; sourceTree = "<group>"; };
		EF197C1227BCF6D100ED93DA /* main.m */ = {isa = PBXFileReference; lastKnownFileType = sourcecode.c.objc; path = main.m; sourceTree = "<group>"; };
		EF197C1B27BCFD7800ED93DA /* image1.jpeg */ = {isa = PBXFileReference; lastKnownFileType = image.jpeg; path = image1.jpeg; sourceTree = "<group>"; };
/* End PBXFileReference section */

/* Begin PBXFrameworksBuildPhase section */
		EF197BFA27BCF6CF00ED93DA /* Frameworks */ = {
			isa = PBXFrameworksBuildPhase;
			buildActionMask = 2147483647;
			files = (
			);
			runOnlyForDeploymentPostprocessing = 0;
		};
/* End PBXFrameworksBuildPhase section */

/* Begin PBXGroup section */
		EF197BF427BCF6CF00ED93DA = {
			isa = PBXGroup;
			children = (
				EF197BFF27BCF6CF00ED93DA /* 加载大图 */,
				EF197BFE27BCF6CF00ED93DA /* Products */,
			);
			sourceTree = "<group>";
		};
		EF197BFE27BCF6CF00ED93DA /* Products */ = {
			isa = PBXGroup;
			children = (
				EF197BFD27BCF6CF00ED93DA /* 加载大图.app */,
			);
			name = Products;
			sourceTree = "<group>";
		};
		EF197BFF27BCF6CF00ED93DA /* 加载大图 */ = {
			isa = PBXGroup;
			children = (
				EF197C0027BCF6CF00ED93DA /* AppDelegate.h */,
				EF197C0127BCF6CF00ED93DA /* AppDelegate.m */,
				EF197C0327BCF6CF00ED93DA /* SceneDelegate.h */,
				EF197C0427BCF6CF00ED93DA /* SceneDelegate.m */,
				EF197C0627BCF6CF00ED93DA /* ViewController.h */,
				EF197C0727BCF6CF00ED93DA /* ViewController.m */,
				EF197C1B27BCFD7800ED93DA /* image1.jpeg */,
				EF197C0927BCF6CF00ED93DA /* Main.storyboard */,
				EF197C0C27BCF6D100ED93DA /* Assets.xcassets */,
				EF197C0E27BCF6D100ED93DA /* LaunchScreen.storyboard */,
				EF197C1127BCF6D100ED93DA /* Info.plist */,
				EF197C1227BCF6D100ED93DA /* main.m */,
			);
			path = "加载大图";
			sourceTree = "<group>";
		};
/* End PBXGroup section */

/* Begin PBXNativeTarget section */
		EF197BFC27BCF6CF00ED93DA /* 加载大图 */ = {
			isa = PBXNativeTarget;
			buildConfigurationList = EF197C1627BCF6D100ED93DA /* Build configuration list for PBXNativeTarget "加载大图" */;
			buildPhases = (
				EF197BF927BCF6CF00ED93DA /* Sources */,
				EF197BFA27BCF6CF00ED93DA /* Frameworks */,
				EF197BFB27BCF6CF00ED93DA /* Resources */,
			);
			buildRules = (
			);
			dependencies = (
			);
			name = "加载大图";
			productName = "加载大图";
			productReference = EF197BFD27BCF6CF00ED93DA /* 加载大图.app */;
			productType = "com.apple.product-type.application";
		};
/* End PBXNativeTarget section */

/* Begin PBXProject section */
		EF197BF527BCF6CF00ED93DA /* Project object */ = {
			isa = PBXProject;
			attributes = {
				BuildIndependentTargetsInParallel = 1;
				LastUpgradeCheck = 1320;
				TargetAttributes = {
					EF197BFC27BCF6CF00ED93DA = {
						CreatedOnToolsVersion = 13.2.1;
					};
				};
			};
			buildConfigurationList = EF197BF827BCF6CF00ED93DA /* Build configuration list for PBXProject "加载大图" */;
			compatibilityVersion = "Xcode 13.0";
			developmentRegion = en;
			hasScannedForEncodings = 0;
			knownRegions = (
				en,
				Base,
			);
			mainGroup = EF197BF427BCF6CF00ED93DA;
			productRefGroup = EF197BFE27BCF6CF00ED93DA /* Products */;
			projectDirPath = "";
			projectRoot = "";
			targets = (
				EF197BFC27BCF6CF00ED93DA /* 加载大图 */,
			);
		};
/* End PBXProject section */

/* Begin PBXResourcesBuildPhase section */
		EF197BFB27BCF6CF00ED93DA /* Resources */ = {
			isa = PBXResourcesBuildPhase;
			buildActionMask = 2147483647;
			files = (
				EF197C1027BCF6D100ED93DA /* LaunchScreen.storyboard in Resources */,
				EF197C0D27BCF6D100ED93DA /* Assets.xcassets in Resources */,
				EF197C0B27BCF6CF00ED93DA /* Main.storyboard in Resources */,
				EF197C1C27BCFD7800ED93DA /* image1.jpeg in Resources */,
			);
			runOnlyForDeploymentPostprocessing = 0;
		};
/* End PBXResourcesBuildPhase section */

/* Begin PBXSourcesBuildPhase section */
		EF197BF927BCF6CF00ED93DA /* Sources */ = {
			isa = PBXSourcesBuildPhase;
			buildActionMask = 2147483647;
			files = (
				EF197C0827BCF6CF00ED93DA /* ViewController.m in Sources */,
				EF197C0227BCF6CF00ED93DA /* AppDelegate.m in Sources */,
				EF197C1327BCF6D100ED93DA /* main.m in Sources */,
				EF197C0527BCF6CF00ED93DA /* SceneDelegate.m in Sources */,
			);
			runOnlyForDeploymentPostprocessing = 0;
		};
/* End PBXSourcesBuildPhase section */

/* Begin PBXVariantGroup section */
		EF197C0927BCF6CF00ED93DA /* Main.storyboard */ = {
			isa = PBXVariantGroup;
			children = (
				EF197C0A27BCF6CF00ED93DA /* Base */,
			);
			name = Main.storyboard;
			sourceTree = "<group>";
		};
		EF197C0E27BCF6D100ED93DA /* LaunchScreen.storyboard */ = {
			isa = PBXVariantGroup;
			children = (
				EF197C0F27BCF6D100ED93DA /* Base */,
			);
			name = LaunchScreen.storyboard;
			sourceTree = "<group>";
		};
/* End PBXVariantGroup section */

/* Begin XCBuildConfiguration section */
		EF197C1427BCF6D100ED93DA /* Debug */ = {
			isa = XCBuildConfiguration;
			buildSettings = {
				ALWAYS_SEARCH_USER_PATHS = NO;
				CLANG_ANALYZER_NONNULL = YES;
				CLANG_ANALYZER_NUMBER_OBJECT_CONVERSION = YES_AGGRESSIVE;
				CLANG_CXX_LANGUAGE_STANDARD = "gnu++17";
				CLANG_CXX_LIBRARY = "libc++";
				CLANG_ENABLE_MODULES = YES;
				CLANG_ENABLE_OBJC_ARC = YES;
				CLANG_ENABLE_OBJC_WEAK = YES;
				CLANG_WARN_BLOCK_CAPTURE_AUTORELEASING = YES;
				CLANG_WARN_BOOL_CONVERSION = YES;
				CLANG_WARN_COMMA = YES;
				CLANG_WARN_CONSTANT_CONVERSION = YES;
				CLANG_WARN_DEPRECATED_OBJC_IMPLEMENTATIONS = YES;
				CLANG_WARN_DIRECT_OBJC_ISA_USAGE = YES_ERROR;
				CLANG_WARN_DOCUMENTATION_COMMENTS = YES;
				CLANG_WARN_EMPTY_BODY = YES;
				CLANG_WARN_ENUM_CONVERSION = YES;
				CLANG_WARN_INFINITE_RECURSION = YES;
				CLANG_WARN_INT_CONVERSION = YES;
				CLANG_WARN_NON_LITERAL_NULL_CONVERSION = YES;
				CLANG_WARN_OBJC_IMPLICIT_RETAIN_SELF = YES;
				CLANG_WARN_OBJC_LITERAL_CONVERSION = YES;
				CLANG_WARN_OBJC_ROOT_CLASS = YES_ERROR;
				CLANG_WARN_QUOTED_INCLUDE_IN_FRAMEWORK_HEADER = YES;
				CLANG_WARN_RANGE_LOOP_ANALYSIS = YES;
				CLANG_WARN_STRICT_PROTOTYPES = YES;
				CLANG_WARN_SUSPICIOUS_MOVE = YES;
				CLANG_WARN_UNGUARDED_AVAILABILITY = YES_AGGRESSIVE;
				CLANG_WARN_UNREACHABLE_CODE = YES;
				CLANG_WARN__DUPLICATE_METHOD_MATCH = YES;
				COPY_PHASE_STRIP = NO;
				DEBUG_INFORMATION_FORMAT = dwarf;
				ENABLE_STRICT_OBJC_MSGSEND = YES;
				ENABLE_TESTABILITY = YES;
				GCC_C_LANGUAGE_STANDARD = gnu11;
				GCC_DYNAMIC_NO_PIC = NO;
				GCC_NO_COMMON_BLOCKS = YES;
				GCC_OPTIMIZATION_LEVEL = 0;
				GCC_PREPROCESSOR_DEFINITIONS = (
					"DEBUG=1",
					"$(inherited)",
				);
				GCC_WARN_64_TO_32_BIT_CONVERSION = YES;
				GCC_WARN_ABOUT_RETURN_TYPE = YES_ERROR;
				GCC_WARN_UNDECLARED_SELECTOR = YES;
				GCC_WARN_UNINITIALIZED_AUTOS = YES_AGGRESSIVE;
				GCC_WARN_UNUSED_FUNCTION = YES;
				GCC_WARN_UNUSED_VARIABLE = YES;
				IPHONEOS_DEPLOYMENT_TARGET = 15.2;
				MTL_ENABLE_DEBUG_INFO = INCLUDE_SOURCE;
				MTL_FAST_MATH = YES;
				ONLY_ACTIVE_ARCH = YES;
				SDKROOT = iphoneos;
			};
			name = Debug;
		};
		EF197C1527BCF6D100ED93DA /* Release */ = {
			isa = XCBuildConfiguration;
			buildSettings = {
				ALWAYS_SEARCH_USER_PATHS = NO;
				CLANG_ANALYZER_NONNULL = YES;
				CLANG_ANALYZER_NUMBER_OBJECT_CONVERSION = YES_AGGRESSIVE;
				CLANG_CXX_LANGUAGE_STANDARD = "gnu++17";
				CLANG_CXX_LIBRARY = "libc++";
				CLANG_ENABLE_MODULES = YES;
				CLANG_ENABLE_OBJC_ARC = YES;
				CLANG_ENABLE_OBJC_WEAK = YES;
				CLANG_WARN_BLOCK_CAPTURE_AUTORELEASING = YES;
				CLANG_WARN_BOOL_CONVERSION = YES;
				CLANG_WARN_COMMA = YES;
				CLANG_WARN_CONSTANT_CONVERSION = YES;
				CLANG_WARN_DEPRECATED_OBJC_IMPLEMENTATIONS = YES;
				CLANG_WARN_DIRECT_OBJC_ISA_USAGE = YES_ERROR;
				CLANG_WARN_DOCUMENTATION_COMMENTS = YES;
				CLANG_WARN_EMPTY_BODY = YES;
				CLANG_WARN_ENUM_CONVERSION = YES;
				CLANG_WARN_INFINITE_RECURSION = YES;
				CLANG_WARN_INT_CONVERSION = YES;
				CLANG_WARN_NON_LITERAL_NULL_CONVERSION = YES;
				CLANG_WARN_OBJC_IMPLICIT_RETAIN_SELF = YES;
				CLANG_WARN_OBJC_LITERAL_CONVERSION = YES;
				CLANG_WARN_OBJC_ROOT_CLASS = YES_ERROR;
				CLANG_WARN_QUOTED_INCLUDE_IN_FRAMEWORK_HEADER = YES;
				CLANG_WARN_RANGE_LOOP_ANALYSIS = YES;
				CLANG_WARN_STRICT_PROTOTYPES = YES;
				CLANG_WARN_SUSPICIOUS_MOVE = YES;
				CLANG_WARN_UNGUARDED_AVAILABILITY = YES_AGGRESSIVE;
				CLANG_WARN_UNREACHABLE_CODE = YES;
				CLANG_WARN__DUPLICATE_METHOD_MATCH = YES;
				COPY_PHASE_STRIP = NO;
				DEBUG_INFORMATION_FORMAT = "dwarf-with-dsym";
				ENABLE_NS_ASSERTIONS = NO;
				ENABLE_STRICT_OBJC_MSGSEND = YES;
				GCC_C_LANGUAGE_STANDARD = gnu11;
				GCC_NO_COMMON_BLOCKS = YES;
				GCC_WARN_64_TO_32_BIT_CONVERSION = YES;
				GCC_WARN_ABOUT_RETURN_TYPE = YES_ERROR;
				GCC_WARN_UNDECLARED_SELECTOR = YES;
				GCC_WARN_UNINITIALIZED_AUTOS = YES_AGGRESSIVE;
				GCC_WARN_UNUSED_FUNCTION = YES;
				GCC_WARN_UNUSED_VARIABLE = YES;
				IPHONEOS_DEPLOYMENT_TARGET = 15.2;
				MTL_ENABLE_DEBUG_INFO = NO;
				MTL_FAST_MATH = YES;
				SDKROOT = iphoneos;
				VALIDATE_PRODUCT = YES;
			};
			name = Release;
		};
		EF197C1727BCF6D100ED93DA /* Debug */ = {
			isa = XCBuildConfiguration;
			buildSettings = {
				ASSETCATALOG_COMPILER_APPICON_NAME = AppIcon;
				ASSETCATALOG_COMPILER_GLOBAL_ACCENT_COLOR_NAME = AccentColor;
				CODE_SIGN_STYLE = Automatic;
				CURRENT_PROJECT_VERSION = 1;
				GENERATE_INFOPLIST_FILE = YES;
				INFOPLIST_FILE = "加载大图/Info.plist";
				INFOPLIST_KEY_UIApplicationSupportsIndirectInputEvents = YES;
				INFOPLIST_KEY_UILaunchStoryboardName = LaunchScreen;
				INFOPLIST_KEY_UIMainStoryboardFile = Main;
				INFOPLIST_KEY_UISupportedInterfaceOrientations_iPad = "UIInterfaceOrientationPortrait UIInterfaceOrientationPortraitUpsideDown UIInterfaceOrientationLandscapeLeft UIInterfaceOrientationLandscapeRight";
				INFOPLIST_KEY_UISupportedInterfaceOrientations_iPhone = "UIInterfaceOrientationPortrait UIInterfaceOrientationLandscapeLeft UIInterfaceOrientationLandscapeRight";
				LD_RUNPATH_SEARCH_PATHS = (
					"$(inherited)",
					"@executable_path/Frameworks",
				);
				MARKETING_VERSION = 1.0;
				PRODUCT_BUNDLE_IDENTIFIER = "com.qianyuIm.----";
				PRODUCT_NAME = "$(TARGET_NAME)";
				SWIFT_EMIT_LOC_STRINGS = YES;
				TARGETED_DEVICE_FAMILY = "1,2";
			};
			name = Debug;
		};
		EF197C1827BCF6D100ED93DA /* Release */ = {
			isa = XCBuildConfiguration;
			buildSettings = {
				ASSETCATALOG_COMPILER_APPICON_NAME = AppIcon;
				ASSETCATALOG_COMPILER_GLOBAL_ACCENT_COLOR_NAME = AccentColor;
				CODE_SIGN_STYLE = Automatic;
				CURRENT_PROJECT_VERSION = 1;
				GENERATE_INFOPLIST_FILE = YES;
				INFOPLIST_FILE = "加载大图/Info.plist";
				INFOPLIST_KEY_UIApplicationSupportsIndirectInputEvents = YES;
				INFOPLIST_KEY_UILaunchStoryboardName = LaunchScreen;
				INFOPLIST_KEY_UIMainStoryboardFile = Main;
				INFOPLIST_KEY_UISupportedInterfaceOrientations_iPad = "UIInterfaceOrientationPortrait UIInterfaceOrientationPortraitUpsideDown UIInterfaceOrientationLandscapeLeft UIInterfaceOrientationLandscapeRight";
				INFOPLIST_KEY_UISupportedInterfaceOrientations_iPhone = "UIInterfaceOrientationPortrait UIInterfaceOrientationLandscapeLeft UIInterfaceOrientationLandscapeRight";
				LD_RUNPATH_SEARCH_PATHS = (
					"$(inherited)",
					"@executable_path/Frameworks",
				);
				MARKETING_VERSION = 1.0;
				PRODUCT_BUNDLE_IDENTIFIER = "com.qianyuIm.----";
				PRODUCT_NAME = "$(TARGET_NAME)";
				SWIFT_EMIT_LOC_STRINGS = YES;
				TARGETED_DEVICE_FAMILY = "1,2";
			};
			name = Release;
		};
/* End XCBuildConfiguration section */

/* Begin XCConfigurationList section */
		EF197BF827BCF6CF00ED93DA /* Build configuration list for PBXProject "加载大图" */ = {
			isa = XCConfigurationList;
			buildConfigurations = (
				EF197C1427BCF6D100ED93DA /* Debug */,
				EF197C1527BCF6D100ED93DA /* Release */,
			);
			defaultConfigurationIsVisible = 0;
			defaultConfigurationName = Release;
		};
		EF197C1627BCF6D100ED93DA /* Build configuration list for PBXNativeTarget "加载大图" */ = {
			isa = XCConfigurationList;
			buildConfigurations = (
				EF197C1727BCF6D100ED93DA /* Debug */,
				EF197C1827BCF6D100ED93DA /* Release */,
			);
			defaultConfigurationIsVisible = 0;
			defaultConfigurationName = Release;
		};
/* End XCConfigurationList section */
	};
	rootObject = EF197BF527BCF6CF00ED93DA /* Project object */;
}
