// !$*UTF8*$!
{
	archiveVersion = 1;
	classes = {
	};
	objectVersion = 51;
	objects = {

/* Begin PBXBuildFile section */
		EF08451725F767E7003FE450 /* RuntimeController.swift in Sources */ = {isa = PBXBuildFile; fileRef = EF08451525F767E7003FE450 /* RuntimeController.swift */; };
		EF08451825F767E7003FE450 /* RuntimeController.xib in Resources */ = {isa = PBXBuildFile; fileRef = EF08451625F767E7003FE450 /* RuntimeController.xib */; };
		EF08452025F76800003FE450 /* SwizzlingController.m in Sources */ = {isa = PBXBuildFile; fileRef = EF08451E25F76800003FE450 /* SwizzlingController.m */; };
		EF08452125F76800003FE450 /* SwizzlingController.xib in Resources */ = {isa = PBXBuildFile; fileRef = EF08451F25F76800003FE450 /* SwizzlingController.xib */; };
		EF08452725F76956003FE450 /* RuntimePersion.m in Sources */ = {isa = PBXBuildFile; fileRef = EF08452625F76956003FE450 /* RuntimePersion.m */; };
		EF08452E25F7696A003FE450 /* RuntimeStudent.m in Sources */ = {isa = PBXBuildFile; fileRef = EF08452D25F7696A003FE450 /* RuntimeStudent.m */; };
		EF08453325F76A1E003FE450 /* RuntimeTool.m in Sources */ = {isa = PBXBuildFile; fileRef = EF08453225F76A1E003FE450 /* RuntimeTool.m */; };
		EF08453825F76B6C003FE450 /* RuntimeStudent+QY.m in Sources */ = {isa = PBXBuildFile; fileRef = EF08453725F76B6C003FE450 /* RuntimeStudent+QY.m */; };
		EF0E807C25F5D10C00723E4C /* CodableController.swift in Sources */ = {isa = PBXBuildFile; fileRef = EF0E807B25F5D10C00723E4C /* CodableController.swift */; };
		EF0EC93627C380CB000F8933 /* TextFieldViewController.m in Sources */ = {isa = PBXBuildFile; fileRef = EF0EC93427C380CB000F8933 /* TextFieldViewController.m */; };
		EF0EC93727C380CB000F8933 /* TextFieldViewController.xib in Resources */ = {isa = PBXBuildFile; fileRef = EF0EC93527C380CB000F8933 /* TextFieldViewController.xib */; };
		EF0EC93C27C381B4000F8933 /* TextFieldTableViewCell.m in Sources */ = {isa = PBXBuildFile; fileRef = EF0EC93A27C381B4000F8933 /* TextFieldTableViewCell.m */; };
		EF0EC93D27C381B4000F8933 /* TextFieldTableViewCell.xib in Resources */ = {isa = PBXBuildFile; fileRef = EF0EC93B27C381B4000F8933 /* TextFieldTableViewCell.xib */; };
		EF0EC94227C39166000F8933 /* SwiftKVOViewController.swift in Sources */ = {isa = PBXBuildFile; fileRef = EF0EC94127C39166000F8933 /* SwiftKVOViewController.swift */; };
		EF0EC94427C3981F000F8933 /* DeferViewController.swift in Sources */ = {isa = PBXBuildFile; fileRef = EF0EC94327C3981F000F8933 /* DeferViewController.swift */; };
		EF0EC94627C39ABE000F8933 /* ClosureController.swift in Sources */ = {isa = PBXBuildFile; fileRef = EF0EC94527C39ABE000F8933 /* ClosureController.swift */; };
		EF31AAB2278E67AE00EA328C /* RemoveNthFromEndController.swift in Sources */ = {isa = PBXBuildFile; fileRef = EF31AAB1278E67AE00EA328C /* RemoveNthFromEndController.swift */; };
		EF31AAB4278E7AF300EA328C /* IntersectionNodeController.swift in Sources */ = {isa = PBXBuildFile; fileRef = EF31AAB3278E7AF300EA328C /* IntersectionNodeController.swift */; };
		EF3E2B2925F8C082000F5F78 /* MultithreadedController.swift in Sources */ = {isa = PBXBuildFile; fileRef = EF3E2B2725F8C082000F5F78 /* MultithreadedController.swift */; };
		EF3E2B2A25F8C082000F5F78 /* MultithreadedController.xib in Resources */ = {isa = PBXBuildFile; fileRef = EF3E2B2825F8C082000F5F78 /* MultithreadedController.xib */; };
		EF3E2B3025F8C0A7000F5F78 /* GCDBarrierController.m in Sources */ = {isa = PBXBuildFile; fileRef = EF3E2B2E25F8C0A7000F5F78 /* GCDBarrierController.m */; };
		EF3E2B3125F8C0A7000F5F78 /* GCDBarrierController.xib in Resources */ = {isa = PBXBuildFile; fileRef = EF3E2B2F25F8C0A7000F5F78 /* GCDBarrierController.xib */; };
		EF3E2B3A25F8DF51000F5F78 /* KindOfController.m in Sources */ = {isa = PBXBuildFile; fileRef = EF3E2B3925F8DF51000F5F78 /* KindOfController.m */; };
		EF3F835D25E62C1F009C217D /* ResponderChainController.swift in Sources */ = {isa = PBXBuildFile; fileRef = EF3F835C25E62C1F009C217D /* ResponderChainController.swift */; };
		EF456DAF25B5657400566946 /* MapController.swift in Sources */ = {isa = PBXBuildFile; fileRef = EF456DAE25B5657400566946 /* MapController.swift */; };
		EF470AC725F9B10B0053D1F6 /* OperationController.m in Sources */ = {isa = PBXBuildFile; fileRef = EF470AC525F9B10B0053D1F6 /* OperationController.m */; };
		EF470AC825F9B10B0053D1F6 /* OperationController.xib in Resources */ = {isa = PBXBuildFile; fileRef = EF470AC625F9B10B0053D1F6 /* OperationController.xib */; };
		EF470ACE25F9CAA90053D1F6 /* MemoryController.swift in Sources */ = {isa = PBXBuildFile; fileRef = EF470ACC25F9CAA90053D1F6 /* MemoryController.swift */; };
		EF470ACF25F9CAA90053D1F6 /* MemoryController.xib in Resources */ = {isa = PBXBuildFile; fileRef = EF470ACD25F9CAA90053D1F6 /* MemoryController.xib */; };
		EF470AD525F9CB1A0053D1F6 /* AutoreleaseController.mm in Sources */ = {isa = PBXBuildFile; fileRef = EF470AD325F9CB1A0053D1F6 /* AutoreleaseController.mm */; };
		EF470AD625F9CB1A0053D1F6 /* AutoreleaseController.xib in Resources */ = {isa = PBXBuildFile; fileRef = EF470AD425F9CB1A0053D1F6 /* AutoreleaseController.xib */; };
		EF4B134B25B192EA0055C4D2 /* KVOController.m in Sources */ = {isa = PBXBuildFile; fileRef = EF4B134A25B192EA0055C4D2 /* KVOController.m */; };
		EF4B69EA261C059B00A77B47 /* TaggedPointerController.m in Sources */ = {isa = PBXBuildFile; fileRef = EF4B69E9261C059B00A77B47 /* TaggedPointerController.m */; };
		EF5582C025AFD6D4003E1347 /* BinaryTreeController.swift in Sources */ = {isa = PBXBuildFile; fileRef = EF5582BE25AFD6D4003E1347 /* BinaryTreeController.swift */; };
		EF5582C125AFD6D4003E1347 /* BinaryTreeController.xib in Resources */ = {isa = PBXBuildFile; fileRef = EF5582BF25AFD6D4003E1347 /* BinaryTreeController.xib */; };
		EF5582C625AFD9F3003E1347 /* CreatBinaryTreeController.swift in Sources */ = {isa = PBXBuildFile; fileRef = EF5582C525AFD9F3003E1347 /* CreatBinaryTreeController.swift */; };
		EF5582CC25B02003003E1347 /* BalancedBinaryTreeController.swift in Sources */ = {isa = PBXBuildFile; fileRef = EF5582CB25B02003003E1347 /* BalancedBinaryTreeController.swift */; };
		EF5582CF25B023B7003E1347 /* BinarySearchController.swift in Sources */ = {isa = PBXBuildFile; fileRef = EF5582CE25B023B7003E1347 /* BinarySearchController.swift */; };
		EF5582E025B02887003E1347 /* BlockChangeController.m in Sources */ = {isa = PBXBuildFile; fileRef = EF5582DF25B02887003E1347 /* BlockChangeController.m */; };
		EF5D0D3527C60EB6007FA81E /* GCDSynNetController.m in Sources */ = {isa = PBXBuildFile; fileRef = EF5D0D3327C60EB6007FA81E /* GCDSynNetController.m */; };
		EF5D0D3627C60EB6007FA81E /* GCDSynNetController.xib in Resources */ = {isa = PBXBuildFile; fileRef = EF5D0D3427C60EB6007FA81E /* GCDSynNetController.xib */; };
		EF60E06D26043FA2001D78FE /* LockController.m in Sources */ = {isa = PBXBuildFile; fileRef = EF60E06B26043FA2001D78FE /* LockController.m */; };
		EF60E06E26043FA2001D78FE /* LockController.xib in Resources */ = {isa = PBXBuildFile; fileRef = EF60E06C26043FA2001D78FE /* LockController.xib */; };
		EF69077E262D32780047B1D8 /* NotificationSyncController.swift in Sources */ = {isa = PBXBuildFile; fileRef = EF69077D262D32780047B1D8 /* NotificationSyncController.swift */; };
		EF690783262D584D0047B1D8 /* LoadController.m in Sources */ = {isa = PBXBuildFile; fileRef = EF690782262D584D0047B1D8 /* LoadController.m */; };
		EF690789262D58690047B1D8 /* LoadPersion.m in Sources */ = {isa = PBXBuildFile; fileRef = EF690788262D58690047B1D8 /* LoadPersion.m */; };
		EF69078F262D58890047B1D8 /* LoadPersion+add.m in Sources */ = {isa = PBXBuildFile; fileRef = EF69078E262D58890047B1D8 /* LoadPersion+add.m */; };
		EF690796262D58AD0047B1D8 /* LoadPersion+sub.m in Sources */ = {isa = PBXBuildFile; fileRef = EF690795262D58AD0047B1D8 /* LoadPersion+sub.m */; };
		EF69079B262D591D0047B1D8 /* LoadSon.m in Sources */ = {isa = PBXBuildFile; fileRef = EF69079A262D591D0047B1D8 /* LoadSon.m */; };
		EF6907AF262D59340047B1D8 /* LoadSon+add.m in Sources */ = {isa = PBXBuildFile; fileRef = EF6907AE262D59340047B1D8 /* LoadSon+add.m */; };
		EF6907B4262D593A0047B1D8 /* LoadSon+sub.m in Sources */ = {isa = PBXBuildFile; fileRef = EF6907B3262D593A0047B1D8 /* LoadSon+sub.m */; };
		EF6A5A1E25E754EA00965E1A /* RunLoopController.swift in Sources */ = {isa = PBXBuildFile; fileRef = EF6A5A1C25E754EA00965E1A /* RunLoopController.swift */; };
		EF6A5A1F25E754EA00965E1A /* RunLoopController.xib in Resources */ = {isa = PBXBuildFile; fileRef = EF6A5A1D25E754EA00965E1A /* RunLoopController.xib */; };
		EF6A5A2325E7559900965E1A /* ChildThreadLoopController.m in Sources */ = {isa = PBXBuildFile; fileRef = EF6A5A2225E7559900965E1A /* ChildThreadLoopController.m */; };
		EF6A5A2725E755DC00965E1A /* OCViewController.m in Sources */ = {isa = PBXBuildFile; fileRef = EF6A5A2625E755DC00965E1A /* OCViewController.m */; };
		EF6C94B2279129FB00DCF04D /* RemoveElementArrayController.swift in Sources */ = {isa = PBXBuildFile; fileRef = EF6C94B1279129FB00DCF04D /* RemoveElementArrayController.swift */; };
		EF6C94B4279152A300DCF04D /* SortedSquaresArrayController.swift in Sources */ = {isa = PBXBuildFile; fileRef = EF6C94B3279152A300DCF04D /* SortedSquaresArrayController.swift */; };
		EF6C94B627916D9700DCF04D /* MinSubArrayLenController.swift in Sources */ = {isa = PBXBuildFile; fileRef = EF6C94B527916D9700DCF04D /* MinSubArrayLenController.swift */; };
		EF7904F125FF72FA0055D153 /* MemoryMigrationController.m in Sources */ = {isa = PBXBuildFile; fileRef = EF7904F025FF72FA0055D153 /* MemoryMigrationController.m */; };
		EF7ABBC027B6141900DAF871 /* ChildFatherNSObjectController.m in Sources */ = {isa = PBXBuildFile; fileRef = EF7ABBBF27B6141900DAF871 /* ChildFatherNSObjectController.m */; };
		EF8FC46327C715CB005C35C3 /* PropertiesController.swift in Sources */ = {isa = PBXBuildFile; fileRef = EF8FC46227C715CB005C35C3 /* PropertiesController.swift */; };
		EF8FC46527C75391005C35C3 /* TypeController.swift in Sources */ = {isa = PBXBuildFile; fileRef = EF8FC46427C75391005C35C3 /* TypeController.swift */; };
		EF8FC46927C78BD9005C35C3 /* SwiftWeakController.swift in Sources */ = {isa = PBXBuildFile; fileRef = EF8FC46827C78BD9005C35C3 /* SwiftWeakController.swift */; };
		EF96338125E48E200023D5C6 /* AllocInitController.m in Sources */ = {isa = PBXBuildFile; fileRef = EF96338025E48E200023D5C6 /* AllocInitController.m */; };
		EF96338725E4A4800023D5C6 /* GCDController.m in Sources */ = {isa = PBXBuildFile; fileRef = EF96338625E4A4800023D5C6 /* GCDController.m */; };
		EF96338C25E52AD20023D5C6 /* IfElseController.m in Sources */ = {isa = PBXBuildFile; fileRef = EF96338B25E52AD20023D5C6 /* IfElseController.m */; };
		EF96338F25E532910023D5C6 /* JavaScriptCore.framework in Frameworks */ = {isa = PBXBuildFile; fileRef = EF96338E25E532910023D5C6 /* JavaScriptCore.framework */; };
		EF9FA8722796A04B0087F5DC /* GenerateMatrixController.swift in Sources */ = {isa = PBXBuildFile; fileRef = EF9FA8712796A04B0087F5DC /* GenerateMatrixController.swift */; };
		EFA1E181278D511F0051D494 /* ReverseWordsController.swift in Sources */ = {isa = PBXBuildFile; fileRef = EFA1E180278D511F0051D494 /* ReverseWordsController.swift */; };
		EFA1E183278D60990051D494 /* ReverseListController.swift in Sources */ = {isa = PBXBuildFile; fileRef = EFA1E182278D60990051D494 /* ReverseListController.swift */; };
		EFAFB42C278FC36300572BAB /* DetectCycleController.swift in Sources */ = {isa = PBXBuildFile; fileRef = EFAFB42B278FC36300572BAB /* DetectCycleController.swift */; };
		EFAFB42E278FF75B00572BAB /* ThreeSumController.swift in Sources */ = {isa = PBXBuildFile; fileRef = EFAFB42D278FF75B00572BAB /* ThreeSumController.swift */; };
		EFB4387625EE336B0077349C /* HookController.m in Sources */ = {isa = PBXBuildFile; fileRef = EFB4387425EE336B0077349C /* HookController.m */; };
		EFB4387725EE336B0077349C /* HookController.xib in Resources */ = {isa = PBXBuildFile; fileRef = EFB4387525EE336B0077349C /* HookController.xib */; };
		EFD019F825F0A8E700AC94F1 /* QYInterviewTests.swift in Sources */ = {isa = PBXBuildFile; fileRef = EFD019F725F0A8E700AC94F1 /* QYInterviewTests.swift */; };
		EFD0BA2C25C7FB2C00B572EB /* InitController.swift in Sources */ = {isa = PBXBuildFile; fileRef = EFD0BA2B25C7FB2C00B572EB /* InitController.swift */; };
		EFD27749260D82860083DA05 /* KVCController.m in Sources */ = {isa = PBXBuildFile; fileRef = EFD27748260D82860083DA05 /* KVCController.m */; };
		EFD27761260DC3C20083DA05 /* CopyController.m in Sources */ = {isa = PBXBuildFile; fileRef = EFD27760260DC3C20083DA05 /* CopyController.m */; };
		EFDC5B3225E8A58A0073F62F /* NSOperationController.m in Sources */ = {isa = PBXBuildFile; fileRef = EFDC5B3125E8A58A0073F62F /* NSOperationController.m */; };
		EFE40A17278C29C600496921 /* RemoveElementsController.swift in Sources */ = {isa = PBXBuildFile; fileRef = EFE40A16278C29C600496921 /* RemoveElementsController.swift */; };
		EFE40A19278C2BA100496921 /* ListNodeHelper.swift in Sources */ = {isa = PBXBuildFile; fileRef = EFE40A18278C2BA100496921 /* ListNodeHelper.swift */; };
		EFE40A1B278C322100496921 /* ReverseStringController.swift in Sources */ = {isa = PBXBuildFile; fileRef = EFE40A1A278C322100496921 /* ReverseStringController.swift */; };
		EFE40A1D278C354F00496921 /* ReplaceSpaceController.swift in Sources */ = {isa = PBXBuildFile; fileRef = EFE40A1C278C354F00496921 /* ReplaceSpaceController.swift */; };
		EFE4DB26279E36DC003188D8 /* SwapPairsController.swift in Sources */ = {isa = PBXBuildFile; fileRef = EFE4DB25279E36DC003188D8 /* SwapPairsController.swift */; };
		EFE4DB29279E5055003188D8 /* AnagramController.swift in Sources */ = {isa = PBXBuildFile; fileRef = EFE4DB28279E5055003188D8 /* AnagramController.swift */; };
		EFE4DB2B279E7D4A003188D8 /* Helper.swift in Sources */ = {isa = PBXBuildFile; fileRef = EFE4DB2A279E7D4A003188D8 /* Helper.swift */; };
		EFEEEE0A25E34E80004B3ACC /* SDLargerImageController.swift in Sources */ = {isa = PBXBuildFile; fileRef = EFEEEE0925E34E80004B3ACC /* SDLargerImageController.swift */; };
		EFEEEE1225E36283004B3ACC /* TouchController.swift in Sources */ = {isa = PBXBuildFile; fileRef = EFEEEE1125E36283004B3ACC /* TouchController.swift */; };
		EFEEEE5725E393CB004B3ACC /* SuperSelfController.m in Sources */ = {isa = PBXBuildFile; fileRef = EFEEEE5625E393CB004B3ACC /* SuperSelfController.m */; };
		EFF19BC7271127AB0072A899 /* ClimbStairsController.swift in Sources */ = {isa = PBXBuildFile; fileRef = EFF19BC6271127AB0072A899 /* ClimbStairsController.swift */; };
		EFFC476025AE7EFB007C5AA4 /* AppDelegate.swift in Sources */ = {isa = PBXBuildFile; fileRef = EFFC475F25AE7EFB007C5AA4 /* AppDelegate.swift */; };
		EFFC476425AE7EFB007C5AA4 /* ViewController.swift in Sources */ = {isa = PBXBuildFile; fileRef = EFFC476325AE7EFB007C5AA4 /* ViewController.swift */; };
		EFFC476725AE7EFB007C5AA4 /* Main.storyboard in Resources */ = {isa = PBXBuildFile; fileRef = EFFC476525AE7EFB007C5AA4 /* Main.storyboard */; };
		EFFC476925AE7EFC007C5AA4 /* Assets.xcassets in Resources */ = {isa = PBXBuildFile; fileRef = EFFC476825AE7EFC007C5AA4 /* Assets.xcassets */; };
		EFFC476C25AE7EFC007C5AA4 /* LaunchScreen.storyboard in Resources */ = {isa = PBXBuildFile; fileRef = EFFC476A25AE7EFC007C5AA4 /* LaunchScreen.storyboard */; };
		EFFC477825AE8385007C5AA4 /* NearlyFatherController.swift in Sources */ = {isa = PBXBuildFile; fileRef = EFFC477725AE8385007C5AA4 /* NearlyFatherController.swift */; };
		EFFC478225AE879E007C5AA4 /* ClassAndStructController.swift in Sources */ = {isa = PBXBuildFile; fileRef = EFFC478125AE879E007C5AA4 /* ClassAndStructController.swift */; };
		EFFC478E25AE9352007C5AA4 /* ReverseSingListController.swift in Sources */ = {isa = PBXBuildFile; fileRef = EFFC478D25AE9352007C5AA4 /* ReverseSingListController.swift */; };
		EFFC479125AEBF28007C5AA4 /* OrderedArrayMergeController.swift in Sources */ = {isa = PBXBuildFile; fileRef = EFFC479025AEBF28007C5AA4 /* OrderedArrayMergeController.swift */; };
		EFFC479425AEC123007C5AA4 /* MedianUnorderedArrayController.swift in Sources */ = {isa = PBXBuildFile; fileRef = EFFC479325AEC123007C5AA4 /* MedianUnorderedArrayController.swift */; };
		EFFC479725AEC363007C5AA4 /* NumOfReverseArrayController.swift in Sources */ = {isa = PBXBuildFile; fileRef = EFFC479625AEC363007C5AA4 /* NumOfReverseArrayController.swift */; };
		EFFC479C25AECC4A007C5AA4 /* TCPUDPController.swift in Sources */ = {isa = PBXBuildFile; fileRef = EFFC479B25AECC4A007C5AA4 /* TCPUDPController.swift */; };
		EFFC47A025AECCB2007C5AA4 /* HTTPSController.swift in Sources */ = {isa = PBXBuildFile; fileRef = EFFC479F25AECCB2007C5AA4 /* HTTPSController.swift */; };
		F636CFA5E1CEFE326FF0478D /* Pods_QYInterview.framework in Frameworks */ = {isa = PBXBuildFile; fileRef = B2BE0DAC20A11569F4EF0DA2 /* Pods_QYInterview.framework */; };
/* End PBXBuildFile section */

/* Begin PBXContainerItemProxy section */
		EFD019FA25F0A8E700AC94F1 /* PBXContainerItemProxy */ = {
			isa = PBXContainerItemProxy;
			containerPortal = EFFC475425AE7EFB007C5AA4 /* Project object */;
			proxyType = 1;
			remoteGlobalIDString = EFFC475B25AE7EFB007C5AA4;
			remoteInfo = QYInterview;
		};
/* End PBXContainerItemProxy section */

/* Begin PBXFileReference section */
		0F9ADB41D06FFC2386B75876 /* Pods-QYInterview.debug.xcconfig */ = {isa = PBXFileReference; includeInIndex = 1; lastKnownFileType = text.xcconfig; name = "Pods-QYInterview.debug.xcconfig"; path = "Target Support Files/Pods-QYInterview/Pods-QYInterview.debug.xcconfig"; sourceTree = "<group>"; };
		19006688363D8793123E7230 /* Pods-QYInterview.release.xcconfig */ = {isa = PBXFileReference; includeInIndex = 1; lastKnownFileType = text.xcconfig; name = "Pods-QYInterview.release.xcconfig"; path = "Target Support Files/Pods-QYInterview/Pods-QYInterview.release.xcconfig"; sourceTree = "<group>"; };
		B2BE0DAC20A11569F4EF0DA2 /* Pods_QYInterview.framework */ = {isa = PBXFileReference; explicitFileType = wrapper.framework; includeInIndex = 0; path = Pods_QYInterview.framework; sourceTree = BUILT_PRODUCTS_DIR; };
		EF08451525F767E7003FE450 /* RuntimeController.swift */ = {isa = PBXFileReference; lastKnownFileType = sourcecode.swift; path = RuntimeController.swift; sourceTree = "<group>"; };
		EF08451625F767E7003FE450 /* RuntimeController.xib */ = {isa = PBXFileReference; lastKnownFileType = file.xib; path = RuntimeController.xib; sourceTree = "<group>"; };
		EF08451D25F76800003FE450 /* SwizzlingController.h */ = {isa = PBXFileReference; lastKnownFileType = sourcecode.c.h; path = SwizzlingController.h; sourceTree = "<group>"; };
		EF08451E25F76800003FE450 /* SwizzlingController.m */ = {isa = PBXFileReference; lastKnownFileType = sourcecode.c.objc; path = SwizzlingController.m; sourceTree = "<group>"; };
		EF08451F25F76800003FE450 /* SwizzlingController.xib */ = {isa = PBXFileReference; lastKnownFileType = file.xib; path = SwizzlingController.xib; sourceTree = "<group>"; };
		EF08452525F76956003FE450 /* RuntimePersion.h */ = {isa = PBXFileReference; lastKnownFileType = sourcecode.c.h; path = RuntimePersion.h; sourceTree = "<group>"; };
		EF08452625F76956003FE450 /* RuntimePersion.m */ = {isa = PBXFileReference; lastKnownFileType = sourcecode.c.objc; path = RuntimePersion.m; sourceTree = "<group>"; };
		EF08452C25F7696A003FE450 /* RuntimeStudent.h */ = {isa = PBXFileReference; lastKnownFileType = sourcecode.c.h; path = RuntimeStudent.h; sourceTree = "<group>"; };
		EF08452D25F7696A003FE450 /* RuntimeStudent.m */ = {isa = PBXFileReference; lastKnownFileType = sourcecode.c.objc; path = RuntimeStudent.m; sourceTree = "<group>"; };
		EF08453125F76A1E003FE450 /* RuntimeTool.h */ = {isa = PBXFileReference; lastKnownFileType = sourcecode.c.h; path = RuntimeTool.h; sourceTree = "<group>"; };
		EF08453225F76A1E003FE450 /* RuntimeTool.m */ = {isa = PBXFileReference; lastKnownFileType = sourcecode.c.objc; path = RuntimeTool.m; sourceTree = "<group>"; };
		EF08453625F76B6C003FE450 /* RuntimeStudent+QY.h */ = {isa = PBXFileReference; lastKnownFileType = sourcecode.c.h; path = "RuntimeStudent+QY.h"; sourceTree = "<group>"; };
		EF08453725F76B6C003FE450 /* RuntimeStudent+QY.m */ = {isa = PBXFileReference; lastKnownFileType = sourcecode.c.objc; path = "RuntimeStudent+QY.m"; sourceTree = "<group>"; };
		EF0E807B25F5D10C00723E4C /* CodableController.swift */ = {isa = PBXFileReference; lastKnownFileType = sourcecode.swift; path = CodableController.swift; sourceTree = "<group>"; };
		EF0EC93327C380CB000F8933 /* TextFieldViewController.h */ = {isa = PBXFileReference; lastKnownFileType = sourcecode.c.h; path = TextFieldViewController.h; sourceTree = "<group>"; };
		EF0EC93427C380CB000F8933 /* TextFieldViewController.m */ = {isa = PBXFileReference; lastKnownFileType = sourcecode.c.objc; path = TextFieldViewController.m; sourceTree = "<group>"; };
		EF0EC93527C380CB000F8933 /* TextFieldViewController.xib */ = {isa = PBXFileReference; lastKnownFileType = file.xib; path = TextFieldViewController.xib; sourceTree = "<group>"; };
		EF0EC93927C381B4000F8933 /* TextFieldTableViewCell.h */ = {isa = PBXFileReference; lastKnownFileType = sourcecode.c.h; path = TextFieldTableViewCell.h; sourceTree = "<group>"; };
		EF0EC93A27C381B4000F8933 /* TextFieldTableViewCell.m */ = {isa = PBXFileReference; lastKnownFileType = sourcecode.c.objc; path = TextFieldTableViewCell.m; sourceTree = "<group>"; };
		EF0EC93B27C381B4000F8933 /* TextFieldTableViewCell.xib */ = {isa = PBXFileReference; lastKnownFileType = file.xib; path = TextFieldTableViewCell.xib; sourceTree = "<group>"; };
		EF0EC94127C39166000F8933 /* SwiftKVOViewController.swift */ = {isa = PBXFileReference; lastKnownFileType = sourcecode.swift; path = SwiftKVOViewController.swift; sourceTree = "<group>"; };
		EF0EC94327C3981F000F8933 /* DeferViewController.swift */ = {isa = PBXFileReference; lastKnownFileType = sourcecode.swift; path = DeferViewController.swift; sourceTree = "<group>"; };
		EF0EC94527C39ABE000F8933 /* ClosureController.swift */ = {isa = PBXFileReference; lastKnownFileType = sourcecode.swift; path = ClosureController.swift; sourceTree = "<group>"; };
		EF31AAB1278E67AE00EA328C /* RemoveNthFromEndController.swift */ = {isa = PBXFileReference; lastKnownFileType = sourcecode.swift; path = RemoveNthFromEndController.swift; sourceTree = "<group>"; };
		EF31AAB3278E7AF300EA328C /* IntersectionNodeController.swift */ = {isa = PBXFileReference; lastKnownFileType = sourcecode.swift; path = IntersectionNodeController.swift; sourceTree = "<group>"; };
		EF3E2B2725F8C082000F5F78 /* MultithreadedController.swift */ = {isa = PBXFileReference; lastKnownFileType = sourcecode.swift; path = MultithreadedController.swift; sourceTree = "<group>"; };
		EF3E2B2825F8C082000F5F78 /* MultithreadedController.xib */ = {isa = PBXFileReference; lastKnownFileType = file.xib; path = MultithreadedController.xib; sourceTree = "<group>"; };
		EF3E2B2D25F8C0A7000F5F78 /* GCDBarrierController.h */ = {isa = PBXFileReference; lastKnownFileType = sourcecode.c.h; path = GCDBarrierController.h; sourceTree = "<group>"; };
		EF3E2B2E25F8C0A7000F5F78 /* GCDBarrierController.m */ = {isa = PBXFileReference; lastKnownFileType = sourcecode.c.objc; path = GCDBarrierController.m; sourceTree = "<group>"; };
		EF3E2B2F25F8C0A7000F5F78 /* GCDBarrierController.xib */ = {isa = PBXFileReference; lastKnownFileType = file.xib; path = GCDBarrierController.xib; sourceTree = "<group>"; };
		EF3E2B3825F8DF51000F5F78 /* KindOfController.h */ = {isa = PBXFileReference; lastKnownFileType = sourcecode.c.h; path = KindOfController.h; sourceTree = "<group>"; };
		EF3E2B3925F8DF51000F5F78 /* KindOfController.m */ = {isa = PBXFileReference; lastKnownFileType = sourcecode.c.objc; path = KindOfController.m; sourceTree = "<group>"; };
		EF3F835C25E62C1F009C217D /* ResponderChainController.swift */ = {isa = PBXFileReference; lastKnownFileType = sourcecode.swift; path = ResponderChainController.swift; sourceTree = "<group>"; };
		EF456DAE25B5657400566946 /* MapController.swift */ = {isa = PBXFileReference; lastKnownFileType = sourcecode.swift; path = MapController.swift; sourceTree = "<group>"; };
		EF470AC425F9B10B0053D1F6 /* OperationController.h */ = {isa = PBXFileReference; lastKnownFileType = sourcecode.c.h; path = OperationController.h; sourceTree = "<group>"; };
		EF470AC525F9B10B0053D1F6 /* OperationController.m */ = {isa = PBXFileReference; lastKnownFileType = sourcecode.c.objc; path = OperationController.m; sourceTree = "<group>"; };
		EF470AC625F9B10B0053D1F6 /* OperationController.xib */ = {isa = PBXFileReference; lastKnownFileType = file.xib; path = OperationController.xib; sourceTree = "<group>"; };
		EF470ACC25F9CAA90053D1F6 /* MemoryController.swift */ = {isa = PBXFileReference; lastKnownFileType = sourcecode.swift; path = MemoryController.swift; sourceTree = "<group>"; };
		EF470ACD25F9CAA90053D1F6 /* MemoryController.xib */ = {isa = PBXFileReference; lastKnownFileType = file.xib; path = MemoryController.xib; sourceTree = "<group>"; };
		EF470AD225F9CB1A0053D1F6 /* AutoreleaseController.h */ = {isa = PBXFileReference; lastKnownFileType = sourcecode.c.h; path = AutoreleaseController.h; sourceTree = "<group>"; };
		EF470AD325F9CB1A0053D1F6 /* AutoreleaseController.mm */ = {isa = PBXFileReference; lastKnownFileType = sourcecode.cpp.objcpp; path = AutoreleaseController.mm; sourceTree = "<group>"; };
		EF470AD425F9CB1A0053D1F6 /* AutoreleaseController.xib */ = {isa = PBXFileReference; lastKnownFileType = file.xib; path = AutoreleaseController.xib; sourceTree = "<group>"; };
		EF4B134925B192EA0055C4D2 /* KVOController.h */ = {isa = PBXFileReference; lastKnownFileType = sourcecode.c.h; path = KVOController.h; sourceTree = "<group>"; };
		EF4B134A25B192EA0055C4D2 /* KVOController.m */ = {isa = PBXFileReference; lastKnownFileType = sourcecode.c.objc; path = KVOController.m; sourceTree = "<group>"; };
		EF4B69E8261C059B00A77B47 /* TaggedPointerController.h */ = {isa = PBXFileReference; lastKnownFileType = sourcecode.c.h; path = TaggedPointerController.h; sourceTree = "<group>"; };
		EF4B69E9261C059B00A77B47 /* TaggedPointerController.m */ = {isa = PBXFileReference; lastKnownFileType = sourcecode.c.objc; path = TaggedPointerController.m; sourceTree = "<group>"; };
		EF5582BE25AFD6D4003E1347 /* BinaryTreeController.swift */ = {isa = PBXFileReference; lastKnownFileType = sourcecode.swift; path = BinaryTreeController.swift; sourceTree = "<group>"; };
		EF5582BF25AFD6D4003E1347 /* BinaryTreeController.xib */ = {isa = PBXFileReference; lastKnownFileType = file.xib; path = BinaryTreeController.xib; sourceTree = "<group>"; };
		EF5582C525AFD9F3003E1347 /* CreatBinaryTreeController.swift */ = {isa = PBXFileReference; lastKnownFileType = sourcecode.swift; path = CreatBinaryTreeController.swift; sourceTree = "<group>"; };
		EF5582CB25B02003003E1347 /* BalancedBinaryTreeController.swift */ = {isa = PBXFileReference; lastKnownFileType = sourcecode.swift; path = BalancedBinaryTreeController.swift; sourceTree = "<group>"; };
		EF5582CE25B023B7003E1347 /* BinarySearchController.swift */ = {isa = PBXFileReference; lastKnownFileType = sourcecode.swift; path = BinarySearchController.swift; sourceTree = "<group>"; };
		EF5582DE25B02887003E1347 /* BlockChangeController.h */ = {isa = PBXFileReference; lastKnownFileType = sourcecode.c.h; path = BlockChangeController.h; sourceTree = "<group>"; };
		EF5582DF25B02887003E1347 /* BlockChangeController.m */ = {isa = PBXFileReference; lastKnownFileType = sourcecode.c.objc; path = BlockChangeController.m; sourceTree = "<group>"; };
		EF5D0D3227C60EB6007FA81E /* GCDSynNetController.h */ = {isa = PBXFileReference; lastKnownFileType = sourcecode.c.h; path = GCDSynNetController.h; sourceTree = "<group>"; };
		EF5D0D3327C60EB6007FA81E /* GCDSynNetController.m */ = {isa = PBXFileReference; lastKnownFileType = sourcecode.c.objc; path = GCDSynNetController.m; sourceTree = "<group>"; };
		EF5D0D3427C60EB6007FA81E /* GCDSynNetController.xib */ = {isa = PBXFileReference; lastKnownFileType = file.xib; path = GCDSynNetController.xib; sourceTree = "<group>"; };
		EF60E06A26043FA2001D78FE /* LockController.h */ = {isa = PBXFileReference; lastKnownFileType = sourcecode.c.h; path = LockController.h; sourceTree = "<group>"; };
		EF60E06B26043FA2001D78FE /* LockController.m */ = {isa = PBXFileReference; lastKnownFileType = sourcecode.c.objc; path = LockController.m; sourceTree = "<group>"; };
		EF60E06C26043FA2001D78FE /* LockController.xib */ = {isa = PBXFileReference; lastKnownFileType = file.xib; path = LockController.xib; sourceTree = "<group>"; };
		EF69077D262D32780047B1D8 /* NotificationSyncController.swift */ = {isa = PBXFileReference; lastKnownFileType = sourcecode.swift; path = NotificationSyncController.swift; sourceTree = "<group>"; };
		EF690781262D584D0047B1D8 /* LoadController.h */ = {isa = PBXFileReference; lastKnownFileType = sourcecode.c.h; path = LoadController.h; sourceTree = "<group>"; };
		EF690782262D584D0047B1D8 /* LoadController.m */ = {isa = PBXFileReference; lastKnownFileType = sourcecode.c.objc; path = LoadController.m; sourceTree = "<group>"; };
		EF690787262D58690047B1D8 /* LoadPersion.h */ = {isa = PBXFileReference; lastKnownFileType = sourcecode.c.h; path = LoadPersion.h; sourceTree = "<group>"; };
		EF690788262D58690047B1D8 /* LoadPersion.m */ = {isa = PBXFileReference; lastKnownFileType = sourcecode.c.objc; path = LoadPersion.m; sourceTree = "<group>"; };
		EF69078D262D58890047B1D8 /* LoadPersion+add.h */ = {isa = PBXFileReference; lastKnownFileType = sourcecode.c.h; path = "LoadPersion+add.h"; sourceTree = "<group>"; };
		EF69078E262D58890047B1D8 /* LoadPersion+add.m */ = {isa = PBXFileReference; lastKnownFileType = sourcecode.c.objc; path = "LoadPersion+add.m"; sourceTree = "<group>"; };
		EF690794262D58AD0047B1D8 /* LoadPersion+sub.h */ = {isa = PBXFileReference; lastKnownFileType = sourcecode.c.h; path = "LoadPersion+sub.h"; sourceTree = "<group>"; };
		EF690795262D58AD0047B1D8 /* LoadPersion+sub.m */ = {isa = PBXFileReference; lastKnownFileType = sourcecode.c.objc; path = "LoadPersion+sub.m"; sourceTree = "<group>"; };
		EF690799262D591D0047B1D8 /* LoadSon.h */ = {isa = PBXFileReference; lastKnownFileType = sourcecode.c.h; path = LoadSon.h; sourceTree = "<group>"; };
		EF69079A262D591D0047B1D8 /* LoadSon.m */ = {isa = PBXFileReference; lastKnownFileType = sourcecode.c.objc; path = LoadSon.m; sourceTree = "<group>"; };
		EF6907AD262D59340047B1D8 /* LoadSon+add.h */ = {isa = PBXFileReference; lastKnownFileType = sourcecode.c.h; path = "LoadSon+add.h"; sourceTree = "<group>"; };
		EF6907AE262D59340047B1D8 /* LoadSon+add.m */ = {isa = PBXFileReference; lastKnownFileType = sourcecode.c.objc; path = "LoadSon+add.m"; sourceTree = "<group>"; };
		EF6907B2262D593A0047B1D8 /* LoadSon+sub.h */ = {isa = PBXFileReference; lastKnownFileType = sourcecode.c.h; path = "LoadSon+sub.h"; sourceTree = "<group>"; };
		EF6907B3262D593A0047B1D8 /* LoadSon+sub.m */ = {isa = PBXFileReference; lastKnownFileType = sourcecode.c.objc; path = "LoadSon+sub.m"; sourceTree = "<group>"; };
		EF6A5A1C25E754EA00965E1A /* RunLoopController.swift */ = {isa = PBXFileReference; lastKnownFileType = sourcecode.swift; path = RunLoopController.swift; sourceTree = "<group>"; };
		EF6A5A1D25E754EA00965E1A /* RunLoopController.xib */ = {isa = PBXFileReference; lastKnownFileType = file.xib; path = RunLoopController.xib; sourceTree = "<group>"; };
		EF6A5A2125E7559900965E1A /* ChildThreadLoopController.h */ = {isa = PBXFileReference; lastKnownFileType = sourcecode.c.h; path = ChildThreadLoopController.h; sourceTree = "<group>"; };
		EF6A5A2225E7559900965E1A /* ChildThreadLoopController.m */ = {isa = PBXFileReference; lastKnownFileType = sourcecode.c.objc; path = ChildThreadLoopController.m; sourceTree = "<group>"; };
		EF6A5A2525E755DC00965E1A /* OCViewController.h */ = {isa = PBXFileReference; lastKnownFileType = sourcecode.c.h; path = OCViewController.h; sourceTree = "<group>"; };
		EF6A5A2625E755DC00965E1A /* OCViewController.m */ = {isa = PBXFileReference; lastKnownFileType = sourcecode.c.objc; path = OCViewController.m; sourceTree = "<group>"; };
		EF6C94B1279129FB00DCF04D /* RemoveElementArrayController.swift */ = {isa = PBXFileReference; lastKnownFileType = sourcecode.swift; path = RemoveElementArrayController.swift; sourceTree = "<group>"; };
		EF6C94B3279152A300DCF04D /* SortedSquaresArrayController.swift */ = {isa = PBXFileReference; lastKnownFileType = sourcecode.swift; path = SortedSquaresArrayController.swift; sourceTree = "<group>"; };
		EF6C94B527916D9700DCF04D /* MinSubArrayLenController.swift */ = {isa = PBXFileReference; lastKnownFileType = sourcecode.swift; path = MinSubArrayLenController.swift; sourceTree = "<group>"; };
		EF7904EF25FF72FA0055D153 /* MemoryMigrationController.h */ = {isa = PBXFileReference; lastKnownFileType = sourcecode.c.h; path = MemoryMigrationController.h; sourceTree = "<group>"; };
		EF7904F025FF72FA0055D153 /* MemoryMigrationController.m */ = {isa = PBXFileReference; lastKnownFileType = sourcecode.c.objc; path = MemoryMigrationController.m; sourceTree = "<group>"; };
		EF7ABBBE27B6141900DAF871 /* ChildFatherNSObjectController.h */ = {isa = PBXFileReference; lastKnownFileType = sourcecode.c.h; path = ChildFatherNSObjectController.h; sourceTree = "<group>"; };
		EF7ABBBF27B6141900DAF871 /* ChildFatherNSObjectController.m */ = {isa = PBXFileReference; lastKnownFileType = sourcecode.c.objc; path = ChildFatherNSObjectController.m; sourceTree = "<group>"; };
		EF8FC46227C715CB005C35C3 /* PropertiesController.swift */ = {isa = PBXFileReference; lastKnownFileType = sourcecode.swift; path = PropertiesController.swift; sourceTree = "<group>"; };
		EF8FC46427C75391005C35C3 /* TypeController.swift */ = {isa = PBXFileReference; lastKnownFileType = sourcecode.swift; path = TypeController.swift; sourceTree = "<group>"; };
		EF8FC46827C78BD9005C35C3 /* SwiftWeakController.swift */ = {isa = PBXFileReference; lastKnownFileType = sourcecode.swift; path = SwiftWeakController.swift; sourceTree = "<group>"; };
		EF96337F25E48E200023D5C6 /* AllocInitController.h */ = {isa = PBXFileReference; lastKnownFileType = sourcecode.c.h; path = AllocInitController.h; sourceTree = "<group>"; };
		EF96338025E48E200023D5C6 /* AllocInitController.m */ = {isa = PBXFileReference; lastKnownFileType = sourcecode.c.objc; path = AllocInitController.m; sourceTree = "<group>"; };
		EF96338525E4A4800023D5C6 /* GCDController.h */ = {isa = PBXFileReference; lastKnownFileType = sourcecode.c.h; path = GCDController.h; sourceTree = "<group>"; };
		EF96338625E4A4800023D5C6 /* GCDController.m */ = {isa = PBXFileReference; lastKnownFileType = sourcecode.c.objc; path = GCDController.m; sourceTree = "<group>"; };
		EF96338A25E52AD20023D5C6 /* IfElseController.h */ = {isa = PBXFileReference; lastKnownFileType = sourcecode.c.h; path = IfElseController.h; sourceTree = "<group>"; };
		EF96338B25E52AD20023D5C6 /* IfElseController.m */ = {isa = PBXFileReference; lastKnownFileType = sourcecode.c.objc; path = IfElseController.m; sourceTree = "<group>"; };
		EF96338E25E532910023D5C6 /* JavaScriptCore.framework */ = {isa = PBXFileReference; lastKnownFileType = wrapper.framework; name = JavaScriptCore.framework; path = System/Library/Frameworks/JavaScriptCore.framework; sourceTree = SDKROOT; };
		EF9FA8712796A04B0087F5DC /* GenerateMatrixController.swift */ = {isa = PBXFileReference; lastKnownFileType = sourcecode.swift; path = GenerateMatrixController.swift; sourceTree = "<group>"; };
		EFA1E180278D511F0051D494 /* ReverseWordsController.swift */ = {isa = PBXFileReference; lastKnownFileType = sourcecode.swift; path = ReverseWordsController.swift; sourceTree = "<group>"; };
		EFA1E182278D60990051D494 /* ReverseListController.swift */ = {isa = PBXFileReference; lastKnownFileType = sourcecode.swift; path = ReverseListController.swift; sourceTree = "<group>"; };
		EFAFB42B278FC36300572BAB /* DetectCycleController.swift */ = {isa = PBXFileReference; lastKnownFileType = sourcecode.swift; path = DetectCycleController.swift; sourceTree = "<group>"; };
		EFAFB42D278FF75B00572BAB /* ThreeSumController.swift */ = {isa = PBXFileReference; lastKnownFileType = sourcecode.swift; path = ThreeSumController.swift; sourceTree = "<group>"; };
		EFB4387325EE336B0077349C /* HookController.h */ = {isa = PBXFileReference; lastKnownFileType = sourcecode.c.h; path = HookController.h; sourceTree = "<group>"; };
		EFB4387425EE336B0077349C /* HookController.m */ = {isa = PBXFileReference; lastKnownFileType = sourcecode.c.objc; path = HookController.m; sourceTree = "<group>"; };
		EFB4387525EE336B0077349C /* HookController.xib */ = {isa = PBXFileReference; lastKnownFileType = file.xib; path = HookController.xib; sourceTree = "<group>"; };
		EFD019F525F0A8E700AC94F1 /* QYInterviewTests.xctest */ = {isa = PBXFileReference; explicitFileType = wrapper.cfbundle; includeInIndex = 0; path = QYInterviewTests.xctest; sourceTree = BUILT_PRODUCTS_DIR; };
		EFD019F725F0A8E700AC94F1 /* QYInterviewTests.swift */ = {isa = PBXFileReference; lastKnownFileType = sourcecode.swift; path = QYInterviewTests.swift; sourceTree = "<group>"; };
		EFD019F925F0A8E700AC94F1 /* Info.plist */ = {isa = PBXFileReference; lastKnownFileType = text.plist.xml; path = Info.plist; sourceTree = "<group>"; };
		EFD0BA2B25C7FB2C00B572EB /* InitController.swift */ = {isa = PBXFileReference; lastKnownFileType = sourcecode.swift; path = InitController.swift; sourceTree = "<group>"; };
		EFD27747260D82860083DA05 /* KVCController.h */ = {isa = PBXFileReference; lastKnownFileType = sourcecode.c.h; path = KVCController.h; sourceTree = "<group>"; };
		EFD27748260D82860083DA05 /* KVCController.m */ = {isa = PBXFileReference; lastKnownFileType = sourcecode.c.objc; path = KVCController.m; sourceTree = "<group>"; };
		EFD2775F260DC3C20083DA05 /* CopyController.h */ = {isa = PBXFileReference; lastKnownFileType = sourcecode.c.h; path = CopyController.h; sourceTree = "<group>"; };
		EFD27760260DC3C20083DA05 /* CopyController.m */ = {isa = PBXFileReference; lastKnownFileType = sourcecode.c.objc; path = CopyController.m; sourceTree = "<group>"; };
		EFDC5B3025E8A58A0073F62F /* NSOperationController.h */ = {isa = PBXFileReference; lastKnownFileType = sourcecode.c.h; path = NSOperationController.h; sourceTree = "<group>"; };
		EFDC5B3125E8A58A0073F62F /* NSOperationController.m */ = {isa = PBXFileReference; lastKnownFileType = sourcecode.c.objc; path = NSOperationController.m; sourceTree = "<group>"; };
		EFE40A16278C29C600496921 /* RemoveElementsController.swift */ = {isa = PBXFileReference; lastKnownFileType = sourcecode.swift; path = RemoveElementsController.swift; sourceTree = "<group>"; };
		EFE40A18278C2BA100496921 /* ListNodeHelper.swift */ = {isa = PBXFileReference; lastKnownFileType = sourcecode.swift; path = ListNodeHelper.swift; sourceTree = "<group>"; };
		EFE40A1A278C322100496921 /* ReverseStringController.swift */ = {isa = PBXFileReference; lastKnownFileType = sourcecode.swift; path = ReverseStringController.swift; sourceTree = "<group>"; };
		EFE40A1C278C354F00496921 /* ReplaceSpaceController.swift */ = {isa = PBXFileReference; lastKnownFileType = sourcecode.swift; path = ReplaceSpaceController.swift; sourceTree = "<group>"; };
		EFE4DB25279E36DC003188D8 /* SwapPairsController.swift */ = {isa = PBXFileReference; lastKnownFileType = sourcecode.swift; path = SwapPairsController.swift; sourceTree = "<group>"; };
		EFE4DB28279E5055003188D8 /* AnagramController.swift */ = {isa = PBXFileReference; lastKnownFileType = sourcecode.swift; path = AnagramController.swift; sourceTree = "<group>"; };
		EFE4DB2A279E7D4A003188D8 /* Helper.swift */ = {isa = PBXFileReference; lastKnownFileType = sourcecode.swift; path = Helper.swift; sourceTree = "<group>"; };
		EFEEEE0925E34E80004B3ACC /* SDLargerImageController.swift */ = {isa = PBXFileReference; lastKnownFileType = sourcecode.swift; path = SDLargerImageController.swift; sourceTree = "<group>"; };
		EFEEEE1125E36283004B3ACC /* TouchController.swift */ = {isa = PBXFileReference; lastKnownFileType = sourcecode.swift; path = TouchController.swift; sourceTree = "<group>"; };
		EFEEEE5525E393CB004B3ACC /* SuperSelfController.h */ = {isa = PBXFileReference; lastKnownFileType = sourcecode.c.h; path = SuperSelfController.h; sourceTree = "<group>"; };
		EFEEEE5625E393CB004B3ACC /* SuperSelfController.m */ = {isa = PBXFileReference; lastKnownFileType = sourcecode.c.objc; path = SuperSelfController.m; sourceTree = "<group>"; };
		EFF19BC6271127AB0072A899 /* ClimbStairsController.swift */ = {isa = PBXFileReference; lastKnownFileType = sourcecode.swift; path = ClimbStairsController.swift; sourceTree = "<group>"; };
		EFFC475C25AE7EFB007C5AA4 /* QYInterview.app */ = {isa = PBXFileReference; explicitFileType = wrapper.application; includeInIndex = 0; path = QYInterview.app; sourceTree = BUILT_PRODUCTS_DIR; };
		EFFC475F25AE7EFB007C5AA4 /* AppDelegate.swift */ = {isa = PBXFileReference; lastKnownFileType = sourcecode.swift; path = AppDelegate.swift; sourceTree = "<group>"; };
		EFFC476325AE7EFB007C5AA4 /* ViewController.swift */ = {isa = PBXFileReference; lastKnownFileType = sourcecode.swift; path = ViewController.swift; sourceTree = "<group>"; };
		EFFC476625AE7EFB007C5AA4 /* Base */ = {isa = PBXFileReference; lastKnownFileType = file.storyboard; name = Base; path = Base.lproj/Main.storyboard; sourceTree = "<group>"; };
		EFFC476825AE7EFC007C5AA4 /* Assets.xcassets */ = {isa = PBXFileReference; lastKnownFileType = folder.assetcatalog; path = Assets.xcassets; sourceTree = "<group>"; };
		EFFC476B25AE7EFC007C5AA4 /* Base */ = {isa = PBXFileReference; lastKnownFileType = file.storyboard; name = Base; path = Base.lproj/LaunchScreen.storyboard; sourceTree = "<group>"; };
		EFFC476D25AE7EFC007C5AA4 /* Info.plist */ = {isa = PBXFileReference; lastKnownFileType = text.plist.xml; path = Info.plist; sourceTree = "<group>"; };
		EFFC477725AE8385007C5AA4 /* NearlyFatherController.swift */ = {isa = PBXFileReference; lastKnownFileType = sourcecode.swift; path = NearlyFatherController.swift; sourceTree = "<group>"; };
		EFFC478125AE879E007C5AA4 /* ClassAndStructController.swift */ = {isa = PBXFileReference; lastKnownFileType = sourcecode.swift; path = ClassAndStructController.swift; sourceTree = "<group>"; };
		EFFC478725AE8E38007C5AA4 /* QYInterview-Bridging-Header.h */ = {isa = PBXFileReference; lastKnownFileType = sourcecode.c.h; path = "QYInterview-Bridging-Header.h"; sourceTree = "<group>"; };
		EFFC478D25AE9352007C5AA4 /* ReverseSingListController.swift */ = {isa = PBXFileReference; lastKnownFileType = sourcecode.swift; path = ReverseSingListController.swift; sourceTree = "<group>"; };
		EFFC479025AEBF28007C5AA4 /* OrderedArrayMergeController.swift */ = {isa = PBXFileReference; lastKnownFileType = sourcecode.swift; path = OrderedArrayMergeController.swift; sourceTree = "<group>"; };
		EFFC479325AEC123007C5AA4 /* MedianUnorderedArrayController.swift */ = {isa = PBXFileReference; lastKnownFileType = sourcecode.swift; path = MedianUnorderedArrayController.swift; sourceTree = "<group>"; };
		EFFC479625AEC363007C5AA4 /* NumOfReverseArrayController.swift */ = {isa = PBXFileReference; lastKnownFileType = sourcecode.swift; path = NumOfReverseArrayController.swift; sourceTree = "<group>"; };
		EFFC479B25AECC4A007C5AA4 /* TCPUDPController.swift */ = {isa = PBXFileReference; lastKnownFileType = sourcecode.swift; path = TCPUDPController.swift; sourceTree = "<group>"; };
		EFFC479F25AECCB2007C5AA4 /* HTTPSController.swift */ = {isa = PBXFileReference; lastKnownFileType = sourcecode.swift; path = HTTPSController.swift; sourceTree = "<group>"; };
/* End PBXFileReference section */

/* Begin PBXFrameworksBuildPhase section */
		EFD019F225F0A8E700AC94F1 /* Frameworks */ = {
			isa = PBXFrameworksBuildPhase;
			buildActionMask = 2147483647;
			files = (
			);
			runOnlyForDeploymentPostprocessing = 0;
		};
		EFFC475925AE7EFB007C5AA4 /* Frameworks */ = {
			isa = PBXFrameworksBuildPhase;
			buildActionMask = 2147483647;
			files = (
				EF96338F25E532910023D5C6 /* JavaScriptCore.framework in Frameworks */,
				F636CFA5E1CEFE326FF0478D /* Pods_QYInterview.framework in Frameworks */,
			);
			runOnlyForDeploymentPostprocessing = 0;
		};
/* End PBXFrameworksBuildPhase section */

/* Begin PBXGroup section */
		4066FB4F5BF516ED333A2503 /* Pods */ = {
			isa = PBXGroup;
			children = (
				0F9ADB41D06FFC2386B75876 /* Pods-QYInterview.debug.xcconfig */,
				19006688363D8793123E7230 /* Pods-QYInterview.release.xcconfig */,
			);
			path = Pods;
			sourceTree = "<group>";
		};
		EF08451425F767CE003FE450 /* Runtime */ = {
			isa = PBXGroup;
			children = (
				EF08452425F76943003FE450 /* Obj */,
				EF08451525F767E7003FE450 /* RuntimeController.swift */,
				EF08451625F767E7003FE450 /* RuntimeController.xib */,
				EF08451D25F76800003FE450 /* SwizzlingController.h */,
				EF08451E25F76800003FE450 /* SwizzlingController.m */,
				EF08451F25F76800003FE450 /* SwizzlingController.xib */,
				EF3E2B3825F8DF51000F5F78 /* KindOfController.h */,
				EF3E2B3925F8DF51000F5F78 /* KindOfController.m */,
			);
			path = Runtime;
			sourceTree = "<group>";
		};
		EF08452425F76943003FE450 /* Obj */ = {
			isa = PBXGroup;
			children = (
				EF08452525F76956003FE450 /* RuntimePersion.h */,
				EF08452625F76956003FE450 /* RuntimePersion.m */,
				EF08452C25F7696A003FE450 /* RuntimeStudent.h */,
				EF08452D25F7696A003FE450 /* RuntimeStudent.m */,
				EF08453625F76B6C003FE450 /* RuntimeStudent+QY.h */,
				EF08453725F76B6C003FE450 /* RuntimeStudent+QY.m */,
				EF08453125F76A1E003FE450 /* RuntimeTool.h */,
				EF08453225F76A1E003FE450 /* RuntimeTool.m */,
			);
			path = Obj;
			sourceTree = "<group>";
		};
		EF0EC93227C380BC000F8933 /* Bug */ = {
			isa = PBXGroup;
			children = (
				EF0EC93827C38192000F8933 /* TextField */,
			);
			path = Bug;
			sourceTree = "<group>";
		};
		EF0EC93827C38192000F8933 /* TextField */ = {
			isa = PBXGroup;
			children = (
				EF0EC93327C380CB000F8933 /* TextFieldViewController.h */,
				EF0EC93427C380CB000F8933 /* TextFieldViewController.m */,
				EF0EC93527C380CB000F8933 /* TextFieldViewController.xib */,
				EF0EC93927C381B4000F8933 /* TextFieldTableViewCell.h */,
				EF0EC93A27C381B4000F8933 /* TextFieldTableViewCell.m */,
				EF0EC93B27C381B4000F8933 /* TextFieldTableViewCell.xib */,
			);
			path = TextField;
			sourceTree = "<group>";
		};
		EF1A14382631442500489CCD /* Swift */ = {
			isa = PBXGroup;
			children = (
				EFFC478125AE879E007C5AA4 /* ClassAndStructController.swift */,
				EF0EC94127C39166000F8933 /* SwiftKVOViewController.swift */,
				EF0EC94327C3981F000F8933 /* DeferViewController.swift */,
				EF0EC94527C39ABE000F8933 /* ClosureController.swift */,
				EF8FC46227C715CB005C35C3 /* PropertiesController.swift */,
				EF8FC46427C75391005C35C3 /* TypeController.swift */,
				EF8FC46827C78BD9005C35C3 /* SwiftWeakController.swift */,
			);
			path = Swift;
			sourceTree = "<group>";
		};
		EF3E2B2425F8C06B000F5F78 /* Multithreaded */ = {
			isa = PBXGroup;
			children = (
				EF3E2B2725F8C082000F5F78 /* MultithreadedController.swift */,
				EF3E2B2825F8C082000F5F78 /* MultithreadedController.xib */,
				EF3E2B2D25F8C0A7000F5F78 /* GCDBarrierController.h */,
				EF3E2B2E25F8C0A7000F5F78 /* GCDBarrierController.m */,
				EF3E2B2F25F8C0A7000F5F78 /* GCDBarrierController.xib */,
				EF470AC425F9B10B0053D1F6 /* OperationController.h */,
				EF470AC525F9B10B0053D1F6 /* OperationController.m */,
				EF470AC625F9B10B0053D1F6 /* OperationController.xib */,
				EF96338525E4A4800023D5C6 /* GCDController.h */,
				EF96338625E4A4800023D5C6 /* GCDController.m */,
				EF5D0D3227C60EB6007FA81E /* GCDSynNetController.h */,
				EF5D0D3327C60EB6007FA81E /* GCDSynNetController.m */,
				EF5D0D3427C60EB6007FA81E /* GCDSynNetController.xib */,
			);
			path = Multithreaded;
			sourceTree = "<group>";
		};
		EF470ACB25F9CA960053D1F6 /* Memory */ = {
			isa = PBXGroup;
			children = (
				EF470ACC25F9CAA90053D1F6 /* MemoryController.swift */,
				EF470ACD25F9CAA90053D1F6 /* MemoryController.xib */,
				EF470AD225F9CB1A0053D1F6 /* AutoreleaseController.h */,
				EF470AD325F9CB1A0053D1F6 /* AutoreleaseController.mm */,
				EF470AD425F9CB1A0053D1F6 /* AutoreleaseController.xib */,
			);
			path = Memory;
			sourceTree = "<group>";
		};
		EF5582BD25AFD6C3003E1347 /* BinaryTree */ = {
			isa = PBXGroup;
			children = (
				EF5582BE25AFD6D4003E1347 /* BinaryTreeController.swift */,
				EF5582BF25AFD6D4003E1347 /* BinaryTreeController.xib */,
				EF5582C525AFD9F3003E1347 /* CreatBinaryTreeController.swift */,
				EF5582CB25B02003003E1347 /* BalancedBinaryTreeController.swift */,
			);
			path = BinaryTree;
			sourceTree = "<group>";
		};
		EF690786262D58530047B1D8 /* Load */ = {
			isa = PBXGroup;
			children = (
				EF690781262D584D0047B1D8 /* LoadController.h */,
				EF690782262D584D0047B1D8 /* LoadController.m */,
				EF690787262D58690047B1D8 /* LoadPersion.h */,
				EF690788262D58690047B1D8 /* LoadPersion.m */,
				EF69078D262D58890047B1D8 /* LoadPersion+add.h */,
				EF69078E262D58890047B1D8 /* LoadPersion+add.m */,
				EF690794262D58AD0047B1D8 /* LoadPersion+sub.h */,
				EF690795262D58AD0047B1D8 /* LoadPersion+sub.m */,
				EF690799262D591D0047B1D8 /* LoadSon.h */,
				EF69079A262D591D0047B1D8 /* LoadSon.m */,
				EF6907AD262D59340047B1D8 /* LoadSon+add.h */,
				EF6907AE262D59340047B1D8 /* LoadSon+add.m */,
				EF6907B2262D593A0047B1D8 /* LoadSon+sub.h */,
				EF6907B3262D593A0047B1D8 /* LoadSon+sub.m */,
			);
			path = Load;
			sourceTree = "<group>";
		};
		EF6A5A1525E7546E00965E1A /* Runloop */ = {
			isa = PBXGroup;
			children = (
				EF6A5A1C25E754EA00965E1A /* RunLoopController.swift */,
				EF6A5A1D25E754EA00965E1A /* RunLoopController.xib */,
				EF6A5A2125E7559900965E1A /* ChildThreadLoopController.h */,
				EF6A5A2225E7559900965E1A /* ChildThreadLoopController.m */,
			);
			path = Runloop;
			sourceTree = "<group>";
		};
		EF6C94B0279108BA00DCF04D /* 数组 */ = {
			isa = PBXGroup;
			children = (
				EF5582CE25B023B7003E1347 /* BinarySearchController.swift */,
				EF6C94B1279129FB00DCF04D /* RemoveElementArrayController.swift */,
				EF6C94B3279152A300DCF04D /* SortedSquaresArrayController.swift */,
				EF6C94B527916D9700DCF04D /* MinSubArrayLenController.swift */,
				EF9FA8712796A04B0087F5DC /* GenerateMatrixController.swift */,
			);
			path = "数组";
			sourceTree = "<group>";
		};
		EF879CEA2797B346001818E9 /* 链表 */ = {
			isa = PBXGroup;
			children = (
				EFE4DB25279E36DC003188D8 /* SwapPairsController.swift */,
			);
			path = "链表";
			sourceTree = "<group>";
		};
		EF96338925E52AAF0023D5C6 /* ProjectOptimize */ = {
			isa = PBXGroup;
			children = (
				EF96338A25E52AD20023D5C6 /* IfElseController.h */,
				EF96338B25E52AD20023D5C6 /* IfElseController.m */,
			);
			path = ProjectOptimize;
			sourceTree = "<group>";
		};
		EFB4387225EE33520077349C /* Hook */ = {
			isa = PBXGroup;
			children = (
				EFB4387325EE336B0077349C /* HookController.h */,
				EFB4387425EE336B0077349C /* HookController.m */,
				EFB4387525EE336B0077349C /* HookController.xib */,
			);
			path = Hook;
			sourceTree = "<group>";
		};
		EFD019F625F0A8E700AC94F1 /* QYInterviewTests */ = {
			isa = PBXGroup;
			children = (
				EFD019F725F0A8E700AC94F1 /* QYInterviewTests.swift */,
				EFD019F925F0A8E700AC94F1 /* Info.plist */,
			);
			path = QYInterviewTests;
			sourceTree = "<group>";
		};
		EFE40A15278C29A100496921 /* 双指针 */ = {
			isa = PBXGroup;
			children = (
				EFE40A16278C29C600496921 /* RemoveElementsController.swift */,
				EFE40A1C278C354F00496921 /* ReplaceSpaceController.swift */,
				EFE40A1A278C322100496921 /* ReverseStringController.swift */,
				EFA1E180278D511F0051D494 /* ReverseWordsController.swift */,
				EFA1E182278D60990051D494 /* ReverseListController.swift */,
				EF31AAB1278E67AE00EA328C /* RemoveNthFromEndController.swift */,
				EF31AAB3278E7AF300EA328C /* IntersectionNodeController.swift */,
				EFAFB42B278FC36300572BAB /* DetectCycleController.swift */,
				EFAFB42D278FF75B00572BAB /* ThreeSumController.swift */,
			);
			path = "双指针";
			sourceTree = "<group>";
		};
		EFE4DB27279E5035003188D8 /* 哈希 */ = {
			isa = PBXGroup;
			children = (
				EFE4DB28279E5055003188D8 /* AnagramController.swift */,
			);
			path = "哈希";
			sourceTree = "<group>";
		};
		EFEEEE0825E34E52004B3ACC /* sourceCode */ = {
			isa = PBXGroup;
			children = (
				EFEEEE0925E34E80004B3ACC /* SDLargerImageController.swift */,
			);
			path = sourceCode;
			sourceTree = "<group>";
		};
		EFFC475325AE7EFB007C5AA4 = {
			isa = PBXGroup;
			children = (
				EFFC475E25AE7EFB007C5AA4 /* QYInterview */,
				EFD019F625F0A8E700AC94F1 /* QYInterviewTests */,
				EFFC475D25AE7EFB007C5AA4 /* Products */,
				4066FB4F5BF516ED333A2503 /* Pods */,
				F97478388884EAAFBC60292C /* Frameworks */,
			);
			sourceTree = "<group>";
		};
		EFFC475D25AE7EFB007C5AA4 /* Products */ = {
			isa = PBXGroup;
			children = (
				EFFC475C25AE7EFB007C5AA4 /* QYInterview.app */,
				EFD019F525F0A8E700AC94F1 /* QYInterviewTests.xctest */,
			);
			name = Products;
			sourceTree = "<group>";
		};
		EFFC475E25AE7EFB007C5AA4 /* QYInterview */ = {
			isa = PBXGroup;
			children = (
				EFFC475F25AE7EFB007C5AA4 /* AppDelegate.swift */,
				EFFC476325AE7EFB007C5AA4 /* ViewController.swift */,
				EF6A5A2525E755DC00965E1A /* OCViewController.h */,
				EF6A5A2625E755DC00965E1A /* OCViewController.m */,
				EFE4DB2A279E7D4A003188D8 /* Helper.swift */,
				EF0EC93227C380BC000F8933 /* Bug */,
				EF1A14382631442500489CCD /* Swift */,
				EFB4387225EE33520077349C /* Hook */,
				EF96338925E52AAF0023D5C6 /* ProjectOptimize */,
				EFEEEE0825E34E52004B3ACC /* sourceCode */,
				EFFC479925AECC25007C5AA4 /* network */,
				EFFC478025AE8768007C5AA4 /* concept */,
				EFFC477625AE829D007C5AA4 /* algorithm */,
				EFFC476525AE7EFB007C5AA4 /* Main.storyboard */,
				EFFC476825AE7EFC007C5AA4 /* Assets.xcassets */,
				EFFC476A25AE7EFC007C5AA4 /* LaunchScreen.storyboard */,
				EFFC476D25AE7EFC007C5AA4 /* Info.plist */,
				EFFC478725AE8E38007C5AA4 /* QYInterview-Bridging-Header.h */,
			);
			path = QYInterview;
			sourceTree = "<group>";
		};
		EFFC477625AE829D007C5AA4 /* algorithm */ = {
			isa = PBXGroup;
			children = (
				EFE40A18278C2BA100496921 /* ListNodeHelper.swift */,
				EFE4DB27279E5035003188D8 /* 哈希 */,
				EF879CEA2797B346001818E9 /* 链表 */,
				EF6C94B0279108BA00DCF04D /* 数组 */,
				EFE40A15278C29A100496921 /* 双指针 */,
				EFFC477725AE8385007C5AA4 /* NearlyFatherController.swift */,
				EFF19BC6271127AB0072A899 /* ClimbStairsController.swift */,
				EFFC478D25AE9352007C5AA4 /* ReverseSingListController.swift */,
				EFFC479025AEBF28007C5AA4 /* OrderedArrayMergeController.swift */,
				EFFC479325AEC123007C5AA4 /* MedianUnorderedArrayController.swift */,
				EFFC479625AEC363007C5AA4 /* NumOfReverseArrayController.swift */,
				EF5582BD25AFD6C3003E1347 /* BinaryTree */,
			);
			path = algorithm;
			sourceTree = "<group>";
		};
		EFFC478025AE8768007C5AA4 /* concept */ = {
			isa = PBXGroup;
			children = (
				EF470ACB25F9CA960053D1F6 /* Memory */,
				EF3E2B2425F8C06B000F5F78 /* Multithreaded */,
				EF08451425F767CE003FE450 /* Runtime */,
				EF6A5A1525E7546E00965E1A /* Runloop */,
				EF5582DE25B02887003E1347 /* BlockChangeController.h */,
				EF5582DF25B02887003E1347 /* BlockChangeController.m */,
				EF4B134925B192EA0055C4D2 /* KVOController.h */,
				EF4B134A25B192EA0055C4D2 /* KVOController.m */,
				EFD27747260D82860083DA05 /* KVCController.h */,
				EFD27748260D82860083DA05 /* KVCController.m */,
				EF7ABBBE27B6141900DAF871 /* ChildFatherNSObjectController.h */,
				EF7ABBBF27B6141900DAF871 /* ChildFatherNSObjectController.m */,
				EF456DAE25B5657400566946 /* MapController.swift */,
				EFD0BA2B25C7FB2C00B572EB /* InitController.swift */,
				EFEEEE1125E36283004B3ACC /* TouchController.swift */,
				EFEEEE5525E393CB004B3ACC /* SuperSelfController.h */,
				EFEEEE5625E393CB004B3ACC /* SuperSelfController.m */,
				EF96337F25E48E200023D5C6 /* AllocInitController.h */,
				EF96338025E48E200023D5C6 /* AllocInitController.m */,
				EFDC5B3025E8A58A0073F62F /* NSOperationController.h */,
				EFDC5B3125E8A58A0073F62F /* NSOperationController.m */,
				EF3F835C25E62C1F009C217D /* ResponderChainController.swift */,
				EF0E807B25F5D10C00723E4C /* CodableController.swift */,
				EF7904EF25FF72FA0055D153 /* MemoryMigrationController.h */,
				EF7904F025FF72FA0055D153 /* MemoryMigrationController.m */,
				EFD2775F260DC3C20083DA05 /* CopyController.h */,
				EFD27760260DC3C20083DA05 /* CopyController.m */,
				EF60E06A26043FA2001D78FE /* LockController.h */,
				EF60E06B26043FA2001D78FE /* LockController.m */,
				EF60E06C26043FA2001D78FE /* LockController.xib */,
				EF4B69E8261C059B00A77B47 /* TaggedPointerController.h */,
				EF4B69E9261C059B00A77B47 /* TaggedPointerController.m */,
				EF69077D262D32780047B1D8 /* NotificationSyncController.swift */,
				EF690786262D58530047B1D8 /* Load */,
			);
			path = concept;
			sourceTree = "<group>";
		};
		EFFC479925AECC25007C5AA4 /* network */ = {
			isa = PBXGroup;
			children = (
				EFFC479B25AECC4A007C5AA4 /* TCPUDPController.swift */,
				EFFC479F25AECCB2007C5AA4 /* HTTPSController.swift */,
			);
			path = network;
			sourceTree = "<group>";
		};
		F97478388884EAAFBC60292C /* Frameworks */ = {
			isa = PBXGroup;
			children = (
				EF96338E25E532910023D5C6 /* JavaScriptCore.framework */,
				B2BE0DAC20A11569F4EF0DA2 /* Pods_QYInterview.framework */,
			);
			name = Frameworks;
			sourceTree = "<group>";
		};
/* End PBXGroup section */

/* Begin PBXNativeTarget section */
		EFD019F425F0A8E700AC94F1 /* QYInterviewTests */ = {
			isa = PBXNativeTarget;
			buildConfigurationList = EFD019FC25F0A8E700AC94F1 /* Build configuration list for PBXNativeTarget "QYInterviewTests" */;
			buildPhases = (
				EFD019F125F0A8E700AC94F1 /* Sources */,
				EFD019F225F0A8E700AC94F1 /* Frameworks */,
				EFD019F325F0A8E700AC94F1 /* Resources */,
			);
			buildRules = (
			);
			dependencies = (
				EFD019FB25F0A8E700AC94F1 /* PBXTargetDependency */,
			);
			name = QYInterviewTests;
			productName = QYInterviewTests;
			productReference = EFD019F525F0A8E700AC94F1 /* QYInterviewTests.xctest */;
			productType = "com.apple.product-type.bundle.unit-test";
		};
		EFFC475B25AE7EFB007C5AA4 /* QYInterview */ = {
			isa = PBXNativeTarget;
			buildConfigurationList = EFFC477025AE7EFC007C5AA4 /* Build configuration list for PBXNativeTarget "QYInterview" */;
			buildPhases = (
				2B4D5C47A3D55A1C75E65E29 /* [CP] Check Pods Manifest.lock */,
				EFFC475825AE7EFB007C5AA4 /* Sources */,
				EFFC475925AE7EFB007C5AA4 /* Frameworks */,
				EFFC475A25AE7EFB007C5AA4 /* Resources */,
				9DEDD904B418BC6ED2C134F5 /* [CP] Embed Pods Frameworks */,
			);
			buildRules = (
			);
			dependencies = (
			);
			name = QYInterview;
			productName = QYInterview;
			productReference = EFFC475C25AE7EFB007C5AA4 /* QYInterview.app */;
			productType = "com.apple.product-type.application";
		};
/* End PBXNativeTarget section */

/* Begin PBXProject section */
		EFFC475425AE7EFB007C5AA4 /* Project object */ = {
			isa = PBXProject;
			attributes = {
				LastSwiftUpdateCheck = 1210;
				LastUpgradeCheck = 1210;
				TargetAttributes = {
					EFD019F425F0A8E700AC94F1 = {
						CreatedOnToolsVersion = 12.1;
						TestTargetID = EFFC475B25AE7EFB007C5AA4;
					};
					EFFC475B25AE7EFB007C5AA4 = {
						CreatedOnToolsVersion = 12.1;
						LastSwiftMigration = 1210;
					};
				};
			};
			buildConfigurationList = EFFC475725AE7EFB007C5AA4 /* Build configuration list for PBXProject "QYInterview" */;
			compatibilityVersion = "Xcode 9.3";
			developmentRegion = en;
			hasScannedForEncodings = 0;
			knownRegions = (
				en,
				Base,
			);
			mainGroup = EFFC475325AE7EFB007C5AA4;
			productRefGroup = EFFC475D25AE7EFB007C5AA4 /* Products */;
			projectDirPath = "";
			projectRoot = "";
			targets = (
				EFFC475B25AE7EFB007C5AA4 /* QYInterview */,
				EFD019F425F0A8E700AC94F1 /* QYInterviewTests */,
			);
		};
/* End PBXProject section */

/* Begin PBXResourcesBuildPhase section */
		EFD019F325F0A8E700AC94F1 /* Resources */ = {
			isa = PBXResourcesBuildPhase;
			buildActionMask = 2147483647;
			files = (
			);
			runOnlyForDeploymentPostprocessing = 0;
		};
		EFFC475A25AE7EFB007C5AA4 /* Resources */ = {
			isa = PBXResourcesBuildPhase;
			buildActionMask = 2147483647;
			files = (
				EFFC476C25AE7EFC007C5AA4 /* LaunchScreen.storyboard in Resources */,
				EFFC476925AE7EFC007C5AA4 /* Assets.xcassets in Resources */,
				EF60E06E26043FA2001D78FE /* LockController.xib in Resources */,
				EF470ACF25F9CAA90053D1F6 /* MemoryController.xib in Resources */,
				EF470AD625F9CB1A0053D1F6 /* AutoreleaseController.xib in Resources */,
				EFB4387725EE336B0077349C /* HookController.xib in Resources */,
				EF08451825F767E7003FE450 /* RuntimeController.xib in Resources */,
				EF0EC93D27C381B4000F8933 /* TextFieldTableViewCell.xib in Resources */,
				EF5582C125AFD6D4003E1347 /* BinaryTreeController.xib in Resources */,
				EF470AC825F9B10B0053D1F6 /* OperationController.xib in Resources */,
				EF5D0D3627C60EB6007FA81E /* GCDSynNetController.xib in Resources */,
				EF08452125F76800003FE450 /* SwizzlingController.xib in Resources */,
				EF3E2B2A25F8C082000F5F78 /* MultithreadedController.xib in Resources */,
				EFFC476725AE7EFB007C5AA4 /* Main.storyboard in Resources */,
				EF3E2B3125F8C0A7000F5F78 /* GCDBarrierController.xib in Resources */,
				EF6A5A1F25E754EA00965E1A /* RunLoopController.xib in Resources */,
				EF0EC93727C380CB000F8933 /* TextFieldViewController.xib in Resources */,
			);
			runOnlyForDeploymentPostprocessing = 0;
		};
/* End PBXResourcesBuildPhase section */

/* Begin PBXShellScriptBuildPhase section */
		2B4D5C47A3D55A1C75E65E29 /* [CP] Check Pods Manifest.lock */ = {
			isa = PBXShellScriptBuildPhase;
			buildActionMask = 2147483647;
			files = (
			);
			inputFileListPaths = (
			);
			inputPaths = (
				"${PODS_PODFILE_DIR_PATH}/Podfile.lock",
				"${PODS_ROOT}/Manifest.lock",
			);
			name = "[CP] Check Pods Manifest.lock";
			outputFileListPaths = (
			);
			outputPaths = (
				"$(DERIVED_FILE_DIR)/Pods-QYInterview-checkManifestLockResult.txt",
			);
			runOnlyForDeploymentPostprocessing = 0;
			shellPath = /bin/sh;
			shellScript = "diff \"${PODS_PODFILE_DIR_PATH}/Podfile.lock\" \"${PODS_ROOT}/Manifest.lock\" > /dev/null\nif [ $? != 0 ] ; then\n    # print error to STDERR\n    echo \"error: The sandbox is not in sync with the Podfile.lock. Run 'pod install' or update your CocoaPods installation.\" >&2\n    exit 1\nfi\n# This output is used by Xcode 'outputs' to avoid re-running this script phase.\necho \"SUCCESS\" > \"${SCRIPT_OUTPUT_FILE_0}\"\n";
			showEnvVarsInLog = 0;
		};
		9DEDD904B418BC6ED2C134F5 /* [CP] Embed Pods Frameworks */ = {
			isa = PBXShellScriptBuildPhase;
			buildActionMask = 2147483647;
			files = (
			);
			inputFileListPaths = (
				"${PODS_ROOT}/Target Support Files/Pods-QYInterview/Pods-QYInterview-frameworks-${CONFIGURATION}-input-files.xcfilelist",
			);
			name = "[CP] Embed Pods Frameworks";
			outputFileListPaths = (
				"${PODS_ROOT}/Target Support Files/Pods-QYInterview/Pods-QYInterview-frameworks-${CONFIGURATION}-output-files.xcfilelist",
			);
			runOnlyForDeploymentPostprocessing = 0;
			shellPath = /bin/sh;
			shellScript = "\"${PODS_ROOT}/Target Support Files/Pods-QYInterview/Pods-QYInterview-frameworks.sh\"\n";
			showEnvVarsInLog = 0;
		};
/* End PBXShellScriptBuildPhase section */

/* Begin PBXSourcesBuildPhase section */
		EFD019F125F0A8E700AC94F1 /* Sources */ = {
			isa = PBXSourcesBuildPhase;
			buildActionMask = 2147483647;
			files = (
				EFD019F825F0A8E700AC94F1 /* QYInterviewTests.swift in Sources */,
			);
			runOnlyForDeploymentPostprocessing = 0;
		};
		EFFC475825AE7EFB007C5AA4 /* Sources */ = {
			isa = PBXSourcesBuildPhase;
			buildActionMask = 2147483647;
			files = (
				EFB4387625EE336B0077349C /* HookController.m in Sources */,
				EF8FC46527C75391005C35C3 /* TypeController.swift in Sources */,
				EF96338125E48E200023D5C6 /* AllocInitController.m in Sources */,
				EFD27749260D82860083DA05 /* KVCController.m in Sources */,
				EF08452025F76800003FE450 /* SwizzlingController.m in Sources */,
				EF5582C625AFD9F3003E1347 /* CreatBinaryTreeController.swift in Sources */,
				EFFC479425AEC123007C5AA4 /* MedianUnorderedArrayController.swift in Sources */,
				EFA1E181278D511F0051D494 /* ReverseWordsController.swift in Sources */,
				EFAFB42C278FC36300572BAB /* DetectCycleController.swift in Sources */,
				EF5582CC25B02003003E1347 /* BalancedBinaryTreeController.swift in Sources */,
				EF470AD525F9CB1A0053D1F6 /* AutoreleaseController.mm in Sources */,
				EF4B134B25B192EA0055C4D2 /* KVOController.m in Sources */,
				EF4B69EA261C059B00A77B47 /* TaggedPointerController.m in Sources */,
				EF0EC93627C380CB000F8933 /* TextFieldViewController.m in Sources */,
				EF31AAB4278E7AF300EA328C /* IntersectionNodeController.swift in Sources */,
				EFFC477825AE8385007C5AA4 /* NearlyFatherController.swift in Sources */,
				EF690796262D58AD0047B1D8 /* LoadPersion+sub.m in Sources */,
				EFAFB42E278FF75B00572BAB /* ThreeSumController.swift in Sources */,
				EF6C94B627916D9700DCF04D /* MinSubArrayLenController.swift in Sources */,
				EF3E2B3A25F8DF51000F5F78 /* KindOfController.m in Sources */,
				EF5582C025AFD6D4003E1347 /* BinaryTreeController.swift in Sources */,
				EF08451725F767E7003FE450 /* RuntimeController.swift in Sources */,
				EF8FC46327C715CB005C35C3 /* PropertiesController.swift in Sources */,
				EF5582CF25B023B7003E1347 /* BinarySearchController.swift in Sources */,
				EF60E06D26043FA2001D78FE /* LockController.m in Sources */,
				EF96338C25E52AD20023D5C6 /* IfElseController.m in Sources */,
				EFDC5B3225E8A58A0073F62F /* NSOperationController.m in Sources */,
				EF470ACE25F9CAA90053D1F6 /* MemoryController.swift in Sources */,
				EF8FC46927C78BD9005C35C3 /* SwiftWeakController.swift in Sources */,
				EF470AC725F9B10B0053D1F6 /* OperationController.m in Sources */,
				EFE4DB2B279E7D4A003188D8 /* Helper.swift in Sources */,
				EFD0BA2C25C7FB2C00B572EB /* InitController.swift in Sources */,
				EF3F835D25E62C1F009C217D /* ResponderChainController.swift in Sources */,
				EFFC478E25AE9352007C5AA4 /* ReverseSingListController.swift in Sources */,
				EFEEEE0A25E34E80004B3ACC /* SDLargerImageController.swift in Sources */,
				EF456DAF25B5657400566946 /* MapController.swift in Sources */,
				EF0EC94227C39166000F8933 /* SwiftKVOViewController.swift in Sources */,
				EF0EC94627C39ABE000F8933 /* ClosureController.swift in Sources */,
				EF08452725F76956003FE450 /* RuntimePersion.m in Sources */,
				EF0EC93C27C381B4000F8933 /* TextFieldTableViewCell.m in Sources */,
				EF5D0D3527C60EB6007FA81E /* GCDSynNetController.m in Sources */,
				EF31AAB2278E67AE00EA328C /* RemoveNthFromEndController.swift in Sources */,
				EFE40A1B278C322100496921 /* ReverseStringController.swift in Sources */,
				EFFC476425AE7EFB007C5AA4 /* ViewController.swift in Sources */,
				EFE40A17278C29C600496921 /* RemoveElementsController.swift in Sources */,
				EF08452E25F7696A003FE450 /* RuntimeStudent.m in Sources */,
				EF3E2B3025F8C0A7000F5F78 /* GCDBarrierController.m in Sources */,
				EFFC479125AEBF28007C5AA4 /* OrderedArrayMergeController.swift in Sources */,
				EFD27761260DC3C20083DA05 /* CopyController.m in Sources */,
				EF7ABBC027B6141900DAF871 /* ChildFatherNSObjectController.m in Sources */,
				EFE40A19278C2BA100496921 /* ListNodeHelper.swift in Sources */,
				EF6A5A1E25E754EA00965E1A /* RunLoopController.swift in Sources */,
				EF7904F125FF72FA0055D153 /* MemoryMigrationController.m in Sources */,
				EF69078F262D58890047B1D8 /* LoadPersion+add.m in Sources */,
				EF3E2B2925F8C082000F5F78 /* MultithreadedController.swift in Sources */,
				EF9FA8722796A04B0087F5DC /* GenerateMatrixController.swift in Sources */,
				EFE4DB26279E36DC003188D8 /* SwapPairsController.swift in Sources */,
				EF08453325F76A1E003FE450 /* RuntimeTool.m in Sources */,
				EFF19BC7271127AB0072A899 /* ClimbStairsController.swift in Sources */,
				EFFC476025AE7EFB007C5AA4 /* AppDelegate.swift in Sources */,
				EF6907B4262D593A0047B1D8 /* LoadSon+sub.m in Sources */,
				EFEEEE1225E36283004B3ACC /* TouchController.swift in Sources */,
				EFFC478225AE879E007C5AA4 /* ClassAndStructController.swift in Sources */,
				EF0EC94427C3981F000F8933 /* DeferViewController.swift in Sources */,
				EF690789262D58690047B1D8 /* LoadPersion.m in Sources */,
				EF08453825F76B6C003FE450 /* RuntimeStudent+QY.m in Sources */,
				EF6C94B2279129FB00DCF04D /* RemoveElementArrayController.swift in Sources */,
				EF69077E262D32780047B1D8 /* NotificationSyncController.swift in Sources */,
				EF69079B262D591D0047B1D8 /* LoadSon.m in Sources */,
				EFEEEE5725E393CB004B3ACC /* SuperSelfController.m in Sources */,
				EFFC479725AEC363007C5AA4 /* NumOfReverseArrayController.swift in Sources */,
				EFFC47A025AECCB2007C5AA4 /* HTTPSController.swift in Sources */,
				EF6C94B4279152A300DCF04D /* SortedSquaresArrayController.swift in Sources */,
				EF96338725E4A4800023D5C6 /* GCDController.m in Sources */,
				EF5582E025B02887003E1347 /* BlockChangeController.m in Sources */,
				EFE4DB29279E5055003188D8 /* AnagramController.swift in Sources */,
				EF0E807C25F5D10C00723E4C /* CodableController.swift in Sources */,
				EFA1E183278D60990051D494 /* ReverseListController.swift in Sources */,
				EF6A5A2725E755DC00965E1A /* OCViewController.m in Sources */,
				EFE40A1D278C354F00496921 /* ReplaceSpaceController.swift in Sources */,
				EF6A5A2325E7559900965E1A /* ChildThreadLoopController.m in Sources */,
				EFFC479C25AECC4A007C5AA4 /* TCPUDPController.swift in Sources */,
				EF6907AF262D59340047B1D8 /* LoadSon+add.m in Sources */,
				EF690783262D584D0047B1D8 /* LoadController.m in Sources */,
			);
			runOnlyForDeploymentPostprocessing = 0;
		};
/* End PBXSourcesBuildPhase section */

/* Begin PBXTargetDependency section */
		EFD019FB25F0A8E700AC94F1 /* PBXTargetDependency */ = {
			isa = PBXTargetDependency;
			target = EFFC475B25AE7EFB007C5AA4 /* QYInterview */;
			targetProxy = EFD019FA25F0A8E700AC94F1 /* PBXContainerItemProxy */;
		};
/* End PBXTargetDependency section */

/* Begin PBXVariantGroup section */
		EFFC476525AE7EFB007C5AA4 /* Main.storyboard */ = {
			isa = PBXVariantGroup;
			children = (
				EFFC476625AE7EFB007C5AA4 /* Base */,
			);
			name = Main.storyboard;
			sourceTree = "<group>";
		};
		EFFC476A25AE7EFC007C5AA4 /* LaunchScreen.storyboard */ = {
			isa = PBXVariantGroup;
			children = (
				EFFC476B25AE7EFC007C5AA4 /* Base */,
			);
			name = LaunchScreen.storyboard;
			sourceTree = "<group>";
		};
/* End PBXVariantGroup section */

/* Begin XCBuildConfiguration section */
		EFD019FD25F0A8E700AC94F1 /* Debug */ = {
			isa = XCBuildConfiguration;
			buildSettings = {
				BUNDLE_LOADER = "$(TEST_HOST)";
				CODE_SIGN_STYLE = Automatic;
				INFOPLIST_FILE = QYInterviewTests/Info.plist;
				LD_RUNPATH_SEARCH_PATHS = (
					"$(inherited)",
					"@executable_path/Frameworks",
					"@loader_path/Frameworks",
				);
				PRODUCT_BUNDLE_IDENTIFIER = com.qianyuIm.QYInterviewTests;
				PRODUCT_NAME = "$(TARGET_NAME)";
				SWIFT_VERSION = 5.0;
				TARGETED_DEVICE_FAMILY = "1,2";
				TEST_HOST = "$(BUILT_PRODUCTS_DIR)/QYInterview.app/QYInterview";
			};
			name = Debug;
		};
		EFD019FE25F0A8E700AC94F1 /* Release */ = {
			isa = XCBuildConfiguration;
			buildSettings = {
				BUNDLE_LOADER = "$(TEST_HOST)";
				CODE_SIGN_STYLE = Automatic;
				INFOPLIST_FILE = QYInterviewTests/Info.plist;
				LD_RUNPATH_SEARCH_PATHS = (
					"$(inherited)",
					"@executable_path/Frameworks",
					"@loader_path/Frameworks",
				);
				PRODUCT_BUNDLE_IDENTIFIER = com.qianyuIm.QYInterviewTests;
				PRODUCT_NAME = "$(TARGET_NAME)";
				SWIFT_VERSION = 5.0;
				TARGETED_DEVICE_FAMILY = "1,2";
				TEST_HOST = "$(BUILT_PRODUCTS_DIR)/QYInterview.app/QYInterview";
			};
			name = Release;
		};
		EFFC476E25AE7EFC007C5AA4 /* Debug */ = {
			isa = XCBuildConfiguration;
			buildSettings = {
				ALWAYS_SEARCH_USER_PATHS = NO;
				CLANG_ANALYZER_NONNULL = YES;
				CLANG_ANALYZER_NUMBER_OBJECT_CONVERSION = YES_AGGRESSIVE;
				CLANG_CXX_LANGUAGE_STANDARD = "gnu++14";
				CLANG_CXX_LIBRARY = "libc++";
				CLANG_ENABLE_MODULES = YES;
				CLANG_ENABLE_OBJC_ARC = YES;
				CLANG_ENABLE_OBJC_WEAK = YES;
				CLANG_WARN_BLOCK_CAPTURE_AUTORELEASING = YES;
				CLANG_WARN_BOOL_CONVERSION = YES;
				CLANG_WARN_COMMA = YES;
				CLANG_WARN_CONSTANT_CONVERSION = YES;
				CLANG_WARN_DEPRECATED_OBJC_IMPLEMENTATIONS = YES;
				CLANG_WARN_DIRECT_OBJC_ISA_USAGE = YES_ERROR;
				CLANG_WARN_DOCUMENTATION_COMMENTS = YES;
				CLANG_WARN_EMPTY_BODY = YES;
				CLANG_WARN_ENUM_CONVERSION = YES;
				CLANG_WARN_INFINITE_RECURSION = YES;
				CLANG_WARN_INT_CONVERSION = YES;
				CLANG_WARN_NON_LITERAL_NULL_CONVERSION = YES;
				CLANG_WARN_OBJC_IMPLICIT_RETAIN_SELF = YES;
				CLANG_WARN_OBJC_LITERAL_CONVERSION = YES;
				CLANG_WARN_OBJC_ROOT_CLASS = YES_ERROR;
				CLANG_WARN_QUOTED_INCLUDE_IN_FRAMEWORK_HEADER = YES;
				CLANG_WARN_RANGE_LOOP_ANALYSIS = YES;
				CLANG_WARN_STRICT_PROTOTYPES = YES;
				CLANG_WARN_SUSPICIOUS_MOVE = YES;
				CLANG_WARN_UNGUARDED_AVAILABILITY = YES_AGGRESSIVE;
				CLANG_WARN_UNREACHABLE_CODE = YES;
				CLANG_WARN__DUPLICATE_METHOD_MATCH = YES;
				COPY_PHASE_STRIP = NO;
				DEBUG_INFORMATION_FORMAT = dwarf;
				ENABLE_STRICT_OBJC_MSGSEND = YES;
				ENABLE_TESTABILITY = YES;
				GCC_C_LANGUAGE_STANDARD = gnu11;
				GCC_DYNAMIC_NO_PIC = NO;
				GCC_NO_COMMON_BLOCKS = YES;
				GCC_OPTIMIZATION_LEVEL = 0;
				GCC_PREPROCESSOR_DEFINITIONS = (
					"DEBUG=1",
					"$(inherited)",
				);
				GCC_WARN_64_TO_32_BIT_CONVERSION = YES;
				GCC_WARN_ABOUT_RETURN_TYPE = YES_ERROR;
				GCC_WARN_UNDECLARED_SELECTOR = YES;
				GCC_WARN_UNINITIALIZED_AUTOS = YES_AGGRESSIVE;
				GCC_WARN_UNUSED_FUNCTION = YES;
				GCC_WARN_UNUSED_VARIABLE = YES;
				IPHONEOS_DEPLOYMENT_TARGET = 14.1;
				MTL_ENABLE_DEBUG_INFO = INCLUDE_SOURCE;
				MTL_FAST_MATH = YES;
				ONLY_ACTIVE_ARCH = YES;
				SDKROOT = iphoneos;
				SWIFT_ACTIVE_COMPILATION_CONDITIONS = DEBUG;
				SWIFT_OPTIMIZATION_LEVEL = "-Onone";
			};
			name = Debug;
		};
		EFFC476F25AE7EFC007C5AA4 /* Release */ = {
			isa = XCBuildConfiguration;
			buildSettings = {
				ALWAYS_SEARCH_USER_PATHS = NO;
				CLANG_ANALYZER_NONNULL = YES;
				CLANG_ANALYZER_NUMBER_OBJECT_CONVERSION = YES_AGGRESSIVE;
				CLANG_CXX_LANGUAGE_STANDARD = "gnu++14";
				CLANG_CXX_LIBRARY = "libc++";
				CLANG_ENABLE_MODULES = YES;
				CLANG_ENABLE_OBJC_ARC = YES;
				CLANG_ENABLE_OBJC_WEAK = YES;
				CLANG_WARN_BLOCK_CAPTURE_AUTORELEASING = YES;
				CLANG_WARN_BOOL_CONVERSION = YES;
				CLANG_WARN_COMMA = YES;
				CLANG_WARN_CONSTANT_CONVERSION = YES;
				CLANG_WARN_DEPRECATED_OBJC_IMPLEMENTATIONS = YES;
				CLANG_WARN_DIRECT_OBJC_ISA_USAGE = YES_ERROR;
				CLANG_WARN_DOCUMENTATION_COMMENTS = YES;
				CLANG_WARN_EMPTY_BODY = YES;
				CLANG_WARN_ENUM_CONVERSION = YES;
				CLANG_WARN_INFINITE_RECURSION = YES;
				CLANG_WARN_INT_CONVERSION = YES;
				CLANG_WARN_NON_LITERAL_NULL_CONVERSION = YES;
				CLANG_WARN_OBJC_IMPLICIT_RETAIN_SELF = YES;
				CLANG_WARN_OBJC_LITERAL_CONVERSION = YES;
				CLANG_WARN_OBJC_ROOT_CLASS = YES_ERROR;
				CLANG_WARN_QUOTED_INCLUDE_IN_FRAMEWORK_HEADER = YES;
				CLANG_WARN_RANGE_LOOP_ANALYSIS = YES;
				CLANG_WARN_STRICT_PROTOTYPES = YES;
				CLANG_WARN_SUSPICIOUS_MOVE = YES;
				CLANG_WARN_UNGUARDED_AVAILABILITY = YES_AGGRESSIVE;
				CLANG_WARN_UNREACHABLE_CODE = YES;
				CLANG_WARN__DUPLICATE_METHOD_MATCH = YES;
				COPY_PHASE_STRIP = NO;
				DEBUG_INFORMATION_FORMAT = "dwarf-with-dsym";
				ENABLE_NS_ASSERTIONS = NO;
				ENABLE_STRICT_OBJC_MSGSEND = YES;
				GCC_C_LANGUAGE_STANDARD = gnu11;
				GCC_NO_COMMON_BLOCKS = YES;
				GCC_WARN_64_TO_32_BIT_CONVERSION = YES;
				GCC_WARN_ABOUT_RETURN_TYPE = YES_ERROR;
				GCC_WARN_UNDECLARED_SELECTOR = YES;
				GCC_WARN_UNINITIALIZED_AUTOS = YES_AGGRESSIVE;
				GCC_WARN_UNUSED_FUNCTION = YES;
				GCC_WARN_UNUSED_VARIABLE = YES;
				IPHONEOS_DEPLOYMENT_TARGET = 14.1;
				MTL_ENABLE_DEBUG_INFO = NO;
				MTL_FAST_MATH = YES;
				SDKROOT = iphoneos;
				SWIFT_COMPILATION_MODE = wholemodule;
				SWIFT_OPTIMIZATION_LEVEL = "-O";
				VALIDATE_PRODUCT = YES;
			};
			name = Release;
		};
		EFFC477125AE7EFC007C5AA4 /* Debug */ = {
			isa = XCBuildConfiguration;
			baseConfigurationReference = 0F9ADB41D06FFC2386B75876 /* Pods-QYInterview.debug.xcconfig */;
			buildSettings = {
				ASSETCATALOG_COMPILER_APPICON_NAME = AppIcon;
				ASSETCATALOG_COMPILER_GLOBAL_ACCENT_COLOR_NAME = AccentColor;
				CLANG_ENABLE_MODULES = YES;
				CODE_SIGN_IDENTITY = "iPhone Developer";
				CODE_SIGN_STYLE = Manual;
				DEVELOPMENT_TEAM = 9W33GSKZVH;
				INFOPLIST_FILE = QYInterview/Info.plist;
				IPHONEOS_DEPLOYMENT_TARGET = 11.4;
				LD_RUNPATH_SEARCH_PATHS = (
					"$(inherited)",
					"@executable_path/Frameworks",
				);
				PRODUCT_BUNDLE_IDENTIFIER = com.QianYu123.QYInterview;
				PRODUCT_NAME = "$(TARGET_NAME)";
				PROVISIONING_PROFILE_SPECIFIER = RGenericId_dev;
				SWIFT_OBJC_BRIDGING_HEADER = "QYInterview/QYInterview-Bridging-Header.h";
				SWIFT_OPTIMIZATION_LEVEL = "-Onone";
				SWIFT_VERSION = 5.0;
				TARGETED_DEVICE_FAMILY = "1,2";
			};
			name = Debug;
		};
		EFFC477225AE7EFC007C5AA4 /* Release */ = {
			isa = XCBuildConfiguration;
			baseConfigurationReference = 19006688363D8793123E7230 /* Pods-QYInterview.release.xcconfig */;
			buildSettings = {
				ASSETCATALOG_COMPILER_APPICON_NAME = AppIcon;
				ASSETCATALOG_COMPILER_GLOBAL_ACCENT_COLOR_NAME = AccentColor;
				CLANG_ENABLE_MODULES = YES;
				CODE_SIGN_IDENTITY = "iPhone Developer";
				CODE_SIGN_STYLE = Manual;
				DEVELOPMENT_TEAM = 9W33GSKZVH;
				INFOPLIST_FILE = QYInterview/Info.plist;
				IPHONEOS_DEPLOYMENT_TARGET = 11.4;
				LD_RUNPATH_SEARCH_PATHS = (
					"$(inherited)",
					"@executable_path/Frameworks",
				);
				PRODUCT_BUNDLE_IDENTIFIER = com.QianYu123.QYInterview;
				PRODUCT_NAME = "$(TARGET_NAME)";
				PROVISIONING_PROFILE_SPECIFIER = RGenericId_dev;
				SWIFT_OBJC_BRIDGING_HEADER = "QYInterview/QYInterview-Bridging-Header.h";
				SWIFT_VERSION = 5.0;
				TARGETED_DEVICE_FAMILY = "1,2";
			};
			name = Release;
		};
/* End XCBuildConfiguration section */

/* Begin XCConfigurationList section */
		EFD019FC25F0A8E700AC94F1 /* Build configuration list for PBXNativeTarget "QYInterviewTests" */ = {
			isa = XCConfigurationList;
			buildConfigurations = (
				EFD019FD25F0A8E700AC94F1 /* Debug */,
				EFD019FE25F0A8E700AC94F1 /* Release */,
			);
			defaultConfigurationIsVisible = 0;
			defaultConfigurationName = Release;
		};
		EFFC475725AE7EFB007C5AA4 /* Build configuration list for PBXProject "QYInterview" */ = {
			isa = XCConfigurationList;
			buildConfigurations = (
				EFFC476E25AE7EFC007C5AA4 /* Debug */,
				EFFC476F25AE7EFC007C5AA4 /* Release */,
			);
			defaultConfigurationIsVisible = 0;
			defaultConfigurationName = Release;
		};
		EFFC477025AE7EFC007C5AA4 /* Build configuration list for PBXNativeTarget "QYInterview" */ = {
			isa = XCConfigurationList;
			buildConfigurations = (
				EFFC477125AE7EFC007C5AA4 /* Debug */,
				EFFC477225AE7EFC007C5AA4 /* Release */,
			);
			defaultConfigurationIsVisible = 0;
			defaultConfigurationName = Release;
		};
/* End XCConfigurationList section */
	};
	rootObject = EFFC475425AE7EFB007C5AA4 /* Project object */;
}
