// !$*UTF8*$!
{
	archiveVersion = 1;
	classes = {
	};
	objectVersion = 50;
	objects = {

/* Begin PBXBuildFile section */
		EF69076A262D1C970047B1D8 /* headImg@2x.jpg in Resources */ = {isa = PBXBuildFile; fileRef = EF690769262D1C970047B1D8 /* headImg@2x.jpg */; };
		EFEB886F2628205E005CD74A /* AppDelegate.m in Sources */ = {isa = PBXBuildFile; fileRef = EFEB886E2628205E005CD74A /* AppDelegate.m */; };
		EFEB88752628205E005CD74A /* ViewController.m in Sources */ = {isa = PBXBuildFile; fileRef = EFEB88742628205E005CD74A /* ViewController.m */; };
		EFEB88782628205E005CD74A /* Main.storyboard in Resources */ = {isa = PBXBuildFile; fileRef = EFEB88762628205E005CD74A /* Main.storyboard */; };
		EFEB887A26282060005CD74A /* Assets.xcassets in Resources */ = {isa = PBXBuildFile; fileRef = EFEB887926282060005CD74A /* Assets.xcassets */; };
		EFEB887D26282060005CD74A /* LaunchScreen.storyboard in Resources */ = {isa = PBXBuildFile; fileRef = EFEB887B26282060005CD74A /* LaunchScreen.storyboard */; };
		EFEB888026282060005CD74A /* main.m in Sources */ = {isa = PBXBuildFile; fileRef = EFEB887F26282060005CD74A /* main.m */; };
		EFEB888926282077005CD74A /* QYFPSLabel.m in Sources */ = {isa = PBXBuildFile; fileRef = EFEB888826282077005CD74A /* QYFPSLabel.m */; };
		EFEB888D262820E2005CD74A /* QYProxy.m in Sources */ = {isa = PBXBuildFile; fileRef = EFEB888C262820E2005CD74A /* QYProxy.m */; };
/* End PBXBuildFile section */

/* Begin PBXFileReference section */
		EF690769262D1C970047B1D8 /* headImg@2x.jpg */ = {isa = PBXFileReference; lastKnownFileType = image.jpeg; path = "headImg@2x.jpg"; sourceTree = "<group>"; };
		EFEB886A2628205E005CD74A /* Performance.app */ = {isa = PBXFileReference; explicitFileType = wrapper.application; includeInIndex = 0; path = Performance.app; sourceTree = BUILT_PRODUCTS_DIR; };
		EFEB886D2628205E005CD74A /* AppDelegate.h */ = {isa = PBXFileReference; lastKnownFileType = sourcecode.c.h; path = AppDelegate.h; sourceTree = "<group>"; };
		EFEB886E2628205E005CD74A /* AppDelegate.m */ = {isa = PBXFileReference; lastKnownFileType = sourcecode.c.objc; path = AppDelegate.m; sourceTree = "<group>"; };
		EFEB88732628205E005CD74A /* ViewController.h */ = {isa = PBXFileReference; lastKnownFileType = sourcecode.c.h; path = ViewController.h; sourceTree = "<group>"; };
		EFEB88742628205E005CD74A /* ViewController.m */ = {isa = PBXFileReference; lastKnownFileType = sourcecode.c.objc; path = ViewController.m; sourceTree = "<group>"; };
		EFEB88772628205E005CD74A /* Base */ = {isa = PBXFileReference; lastKnownFileType = file.storyboard; name = Base; path = Base.lproj/Main.storyboard; sourceTree = "<group>"; };
		EFEB887926282060005CD74A /* Assets.xcassets */ = {isa = PBXFileReference; lastKnownFileType = folder.assetcatalog; path = Assets.xcassets; sourceTree = "<group>"; };
		EFEB887C26282060005CD74A /* Base */ = {isa = PBXFileReference; lastKnownFileType = file.storyboard; name = Base; path = Base.lproj/LaunchScreen.storyboard; sourceTree = "<group>"; };
		EFEB887E26282060005CD74A /* Info.plist */ = {isa = PBXFileReference; lastKnownFileType = text.plist.xml; path = Info.plist; sourceTree = "<group>"; };
		EFEB887F26282060005CD74A /* main.m */ = {isa = PBXFileReference; lastKnownFileType = sourcecode.c.objc; path = main.m; sourceTree = "<group>"; };
		EFEB888726282077005CD74A /* QYFPSLabel.h */ = {isa = PBXFileReference; lastKnownFileType = sourcecode.c.h; path = QYFPSLabel.h; sourceTree = "<group>"; };
		EFEB888826282077005CD74A /* QYFPSLabel.m */ = {isa = PBXFileReference; lastKnownFileType = sourcecode.c.objc; path = QYFPSLabel.m; sourceTree = "<group>"; };
		EFEB888B262820E2005CD74A /* QYProxy.h */ = {isa = PBXFileReference; lastKnownFileType = sourcecode.c.h; path = QYProxy.h; sourceTree = "<group>"; };
		EFEB888C262820E2005CD74A /* QYProxy.m */ = {isa = PBXFileReference; lastKnownFileType = sourcecode.c.objc; path = QYProxy.m; sourceTree = "<group>"; };
/* End PBXFileReference section */

/* Begin PBXFrameworksBuildPhase section */
		EFEB88672628205E005CD74A /* Frameworks */ = {
			isa = PBXFrameworksBuildPhase;
			buildActionMask = 2147483647;
			files = (
			);
			runOnlyForDeploymentPostprocessing = 0;
		};
/* End PBXFrameworksBuildPhase section */

/* Begin PBXGroup section */
		EFEB88612628205E005CD74A = {
			isa = PBXGroup;
			children = (
				EFEB886C2628205E005CD74A /* Performance */,
				EFEB886B2628205E005CD74A /* Products */,
			);
			sourceTree = "<group>";
		};
		EFEB886B2628205E005CD74A /* Products */ = {
			isa = PBXGroup;
			children = (
				EFEB886A2628205E005CD74A /* Performance.app */,
			);
			name = Products;
			sourceTree = "<group>";
		};
		EFEB886C2628205E005CD74A /* Performance */ = {
			isa = PBXGroup;
			children = (
				EFEB886D2628205E005CD74A /* AppDelegate.h */,
				EFEB886E2628205E005CD74A /* AppDelegate.m */,
				EFEB88732628205E005CD74A /* ViewController.h */,
				EFEB88742628205E005CD74A /* ViewController.m */,
				EFEB888726282077005CD74A /* QYFPSLabel.h */,
				EFEB888826282077005CD74A /* QYFPSLabel.m */,
				EFEB888B262820E2005CD74A /* QYProxy.h */,
				EFEB888C262820E2005CD74A /* QYProxy.m */,
				EF690769262D1C970047B1D8 /* headImg@2x.jpg */,
				EFEB88762628205E005CD74A /* Main.storyboard */,
				EFEB887926282060005CD74A /* Assets.xcassets */,
				EFEB887B26282060005CD74A /* LaunchScreen.storyboard */,
				EFEB887E26282060005CD74A /* Info.plist */,
				EFEB887F26282060005CD74A /* main.m */,
			);
			path = Performance;
			sourceTree = "<group>";
		};
/* End PBXGroup section */

/* Begin PBXNativeTarget section */
		EFEB88692628205E005CD74A /* Performance */ = {
			isa = PBXNativeTarget;
			buildConfigurationList = EFEB888326282060005CD74A /* Build configuration list for PBXNativeTarget "Performance" */;
			buildPhases = (
				EFEB88662628205E005CD74A /* Sources */,
				EFEB88672628205E005CD74A /* Frameworks */,
				EFEB88682628205E005CD74A /* Resources */,
			);
			buildRules = (
			);
			dependencies = (
			);
			name = Performance;
			productName = Performance;
			productReference = EFEB886A2628205E005CD74A /* Performance.app */;
			productType = "com.apple.product-type.application";
		};
/* End PBXNativeTarget section */

/* Begin PBXProject section */
		EFEB88622628205E005CD74A /* Project object */ = {
			isa = PBXProject;
			attributes = {
				LastUpgradeCheck = 1210;
				TargetAttributes = {
					EFEB88692628205E005CD74A = {
						CreatedOnToolsVersion = 12.1;
					};
				};
			};
			buildConfigurationList = EFEB88652628205E005CD74A /* Build configuration list for PBXProject "Performance" */;
			compatibilityVersion = "Xcode 9.3";
			developmentRegion = en;
			hasScannedForEncodings = 0;
			knownRegions = (
				en,
				Base,
			);
			mainGroup = EFEB88612628205E005CD74A;
			productRefGroup = EFEB886B2628205E005CD74A /* Products */;
			projectDirPath = "";
			projectRoot = "";
			targets = (
				EFEB88692628205E005CD74A /* Performance */,
			);
		};
/* End PBXProject section */

/* Begin PBXResourcesBuildPhase section */
		EFEB88682628205E005CD74A /* Resources */ = {
			isa = PBXResourcesBuildPhase;
			buildActionMask = 2147483647;
			files = (
				EFEB887D26282060005CD74A /* LaunchScreen.storyboard in Resources */,
				EFEB887A26282060005CD74A /* Assets.xcassets in Resources */,
				EF69076A262D1C970047B1D8 /* headImg@2x.jpg in Resources */,
				EFEB88782628205E005CD74A /* Main.storyboard in Resources */,
			);
			runOnlyForDeploymentPostprocessing = 0;
		};
/* End PBXResourcesBuildPhase section */

/* Begin PBXSourcesBuildPhase section */
		EFEB88662628205E005CD74A /* Sources */ = {
			isa = PBXSourcesBuildPhase;
			buildActionMask = 2147483647;
			files = (
				EFEB88752628205E005CD74A /* ViewController.m in Sources */,
				EFEB886F2628205E005CD74A /* AppDelegate.m in Sources */,
				EFEB888926282077005CD74A /* QYFPSLabel.m in Sources */,
				EFEB888026282060005CD74A /* main.m in Sources */,
				EFEB888D262820E2005CD74A /* QYProxy.m in Sources */,
			);
			runOnlyForDeploymentPostprocessing = 0;
		};
/* End PBXSourcesBuildPhase section */

/* Begin PBXVariantGroup section */
		EFEB88762628205E005CD74A /* Main.storyboard */ = {
			isa = PBXVariantGroup;
			children = (
				EFEB88772628205E005CD74A /* Base */,
			);
			name = Main.storyboard;
			sourceTree = "<group>";
		};
		EFEB887B26282060005CD74A /* LaunchScreen.storyboard */ = {
			isa = PBXVariantGroup;
			children = (
				EFEB887C26282060005CD74A /* Base */,
			);
			name = LaunchScreen.storyboard;
			sourceTree = "<group>";
		};
/* End PBXVariantGroup section */

/* Begin XCBuildConfiguration section */
		EFEB888126282060005CD74A /* Debug */ = {
			isa = XCBuildConfiguration;
			buildSettings = {
				ALWAYS_SEARCH_USER_PATHS = NO;
				CLANG_ANALYZER_NONNULL = YES;
				CLANG_ANALYZER_NUMBER_OBJECT_CONVERSION = YES_AGGRESSIVE;
				CLANG_CXX_LANGUAGE_STANDARD = "gnu++14";
				CLANG_CXX_LIBRARY = "libc++";
				CLANG_ENABLE_MODULES = YES;
				CLANG_ENABLE_OBJC_ARC = YES;
				CLANG_ENABLE_OBJC_WEAK = YES;
				CLANG_WARN_BLOCK_CAPTURE_AUTORELEASING = YES;
				CLANG_WARN_BOOL_CONVERSION = YES;
				CLANG_WARN_COMMA = YES;
				CLANG_WARN_CONSTANT_CONVERSION = YES;
				CLANG_WARN_DEPRECATED_OBJC_IMPLEMENTATIONS = YES;
				CLANG_WARN_DIRECT_OBJC_ISA_USAGE = YES_ERROR;
				CLANG_WARN_DOCUMENTATION_COMMENTS = YES;
				CLANG_WARN_EMPTY_BODY = YES;
				CLANG_WARN_ENUM_CONVERSION = YES;
				CLANG_WARN_INFINITE_RECURSION = YES;
				CLANG_WARN_INT_CONVERSION = YES;
				CLANG_WARN_NON_LITERAL_NULL_CONVERSION = YES;
				CLANG_WARN_OBJC_IMPLICIT_RETAIN_SELF = YES;
				CLANG_WARN_OBJC_LITERAL_CONVERSION = YES;
				CLANG_WARN_OBJC_ROOT_CLASS = YES_ERROR;
				CLANG_WARN_QUOTED_INCLUDE_IN_FRAMEWORK_HEADER = YES;
				CLANG_WARN_RANGE_LOOP_ANALYSIS = YES;
				CLANG_WARN_STRICT_PROTOTYPES = YES;
				CLANG_WARN_SUSPICIOUS_MOVE = YES;
				CLANG_WARN_UNGUARDED_AVAILABILITY = YES_AGGRESSIVE;
				CLANG_WARN_UNREACHABLE_CODE = YES;
				CLANG_WARN__DUPLICATE_METHOD_MATCH = YES;
				COPY_PHASE_STRIP = NO;
				DEBUG_INFORMATION_FORMAT = dwarf;
				ENABLE_STRICT_OBJC_MSGSEND = YES;
				ENABLE_TESTABILITY = YES;
				GCC_C_LANGUAGE_STANDARD = gnu11;
				GCC_DYNAMIC_NO_PIC = NO;
				GCC_NO_COMMON_BLOCKS = YES;
				GCC_OPTIMIZATION_LEVEL = 0;
				GCC_PREPROCESSOR_DEFINITIONS = (
					"DEBUG=1",
					"$(inherited)",
				);
				GCC_WARN_64_TO_32_BIT_CONVERSION = YES;
				GCC_WARN_ABOUT_RETURN_TYPE = YES_ERROR;
				GCC_WARN_UNDECLARED_SELECTOR = YES;
				GCC_WARN_UNINITIALIZED_AUTOS = YES_AGGRESSIVE;
				GCC_WARN_UNUSED_FUNCTION = YES;
				GCC_WARN_UNUSED_VARIABLE = YES;
				IPHONEOS_DEPLOYMENT_TARGET = 14.1;
				MTL_ENABLE_DEBUG_INFO = INCLUDE_SOURCE;
				MTL_FAST_MATH = YES;
				ONLY_ACTIVE_ARCH = YES;
				SDKROOT = iphoneos;
			};
			name = Debug;
		};
		EFEB888226282060005CD74A /* Release */ = {
			isa = XCBuildConfiguration;
			buildSettings = {
				ALWAYS_SEARCH_USER_PATHS = NO;
				CLANG_ANALYZER_NONNULL = YES;
				CLANG_ANALYZER_NUMBER_OBJECT_CONVERSION = YES_AGGRESSIVE;
				CLANG_CXX_LANGUAGE_STANDARD = "gnu++14";
				CLANG_CXX_LIBRARY = "libc++";
				CLANG_ENABLE_MODULES = YES;
				CLANG_ENABLE_OBJC_ARC = YES;
				CLANG_ENABLE_OBJC_WEAK = YES;
				CLANG_WARN_BLOCK_CAPTURE_AUTORELEASING = YES;
				CLANG_WARN_BOOL_CONVERSION = YES;
				CLANG_WARN_COMMA = YES;
				CLANG_WARN_CONSTANT_CONVERSION = YES;
				CLANG_WARN_DEPRECATED_OBJC_IMPLEMENTATIONS = YES;
				CLANG_WARN_DIRECT_OBJC_ISA_USAGE = YES_ERROR;
				CLANG_WARN_DOCUMENTATION_COMMENTS = YES;
				CLANG_WARN_EMPTY_BODY = YES;
				CLANG_WARN_ENUM_CONVERSION = YES;
				CLANG_WARN_INFINITE_RECURSION = YES;
				CLANG_WARN_INT_CONVERSION = YES;
				CLANG_WARN_NON_LITERAL_NULL_CONVERSION = YES;
				CLANG_WARN_OBJC_IMPLICIT_RETAIN_SELF = YES;
				CLANG_WARN_OBJC_LITERAL_CONVERSION = YES;
				CLANG_WARN_OBJC_ROOT_CLASS = YES_ERROR;
				CLANG_WARN_QUOTED_INCLUDE_IN_FRAMEWORK_HEADER = YES;
				CLANG_WARN_RANGE_LOOP_ANALYSIS = YES;
				CLANG_WARN_STRICT_PROTOTYPES = YES;
				CLANG_WARN_SUSPICIOUS_MOVE = YES;
				CLANG_WARN_UNGUARDED_AVAILABILITY = YES_AGGRESSIVE;
				CLANG_WARN_UNREACHABLE_CODE = YES;
				CLANG_WARN__DUPLICATE_METHOD_MATCH = YES;
				COPY_PHASE_STRIP = NO;
				DEBUG_INFORMATION_FORMAT = "dwarf-with-dsym";
				ENABLE_NS_ASSERTIONS = NO;
				ENABLE_STRICT_OBJC_MSGSEND = YES;
				GCC_C_LANGUAGE_STANDARD = gnu11;
				GCC_NO_COMMON_BLOCKS = YES;
				GCC_WARN_64_TO_32_BIT_CONVERSION = YES;
				GCC_WARN_ABOUT_RETURN_TYPE = YES_ERROR;
				GCC_WARN_UNDECLARED_SELECTOR = YES;
				GCC_WARN_UNINITIALIZED_AUTOS = YES_AGGRESSIVE;
				GCC_WARN_UNUSED_FUNCTION = YES;
				GCC_WARN_UNUSED_VARIABLE = YES;
				IPHONEOS_DEPLOYMENT_TARGET = 14.1;
				MTL_ENABLE_DEBUG_INFO = NO;
				MTL_FAST_MATH = YES;
				SDKROOT = iphoneos;
				VALIDATE_PRODUCT = YES;
			};
			name = Release;
		};
		EFEB888426282060005CD74A /* Debug */ = {
			isa = XCBuildConfiguration;
			buildSettings = {
				ASSETCATALOG_COMPILER_APPICON_NAME = AppIcon;
				ASSETCATALOG_COMPILER_GLOBAL_ACCENT_COLOR_NAME = AccentColor;
				CODE_SIGN_STYLE = Automatic;
				INFOPLIST_FILE = Performance/Info.plist;
				LD_RUNPATH_SEARCH_PATHS = (
					"$(inherited)",
					"@executable_path/Frameworks",
				);
				PRODUCT_BUNDLE_IDENTIFIER = com.qianyuIm.Performance;
				PRODUCT_NAME = "$(TARGET_NAME)";
				TARGETED_DEVICE_FAMILY = "1,2";
			};
			name = Debug;
		};
		EFEB888526282060005CD74A /* Release */ = {
			isa = XCBuildConfiguration;
			buildSettings = {
				ASSETCATALOG_COMPILER_APPICON_NAME = AppIcon;
				ASSETCATALOG_COMPILER_GLOBAL_ACCENT_COLOR_NAME = AccentColor;
				CODE_SIGN_STYLE = Automatic;
				INFOPLIST_FILE = Performance/Info.plist;
				LD_RUNPATH_SEARCH_PATHS = (
					"$(inherited)",
					"@executable_path/Frameworks",
				);
				PRODUCT_BUNDLE_IDENTIFIER = com.qianyuIm.Performance;
				PRODUCT_NAME = "$(TARGET_NAME)";
				TARGETED_DEVICE_FAMILY = "1,2";
			};
			name = Release;
		};
/* End XCBuildConfiguration section */

/* Begin XCConfigurationList section */
		EFEB88652628205E005CD74A /* Build configuration list for PBXProject "Performance" */ = {
			isa = XCConfigurationList;
			buildConfigurations = (
				EFEB888126282060005CD74A /* Debug */,
				EFEB888226282060005CD74A /* Release */,
			);
			defaultConfigurationIsVisible = 0;
			defaultConfigurationName = Release;
		};
		EFEB888326282060005CD74A /* Build configuration list for PBXNativeTarget "Performance" */ = {
			isa = XCConfigurationList;
			buildConfigurations = (
				EFEB888426282060005CD74A /* Debug */,
				EFEB888526282060005CD74A /* Release */,
			);
			defaultConfigurationIsVisible = 0;
			defaultConfigurationName = Release;
		};
/* End XCConfigurationList section */
	};
	rootObject = EFEB88622628205E005CD74A /* Project object */;
}
